// !$*UTF8*$!
{
	archiveVersion = 1;
	classes = {
	};
	objectVersion = 50;
	objects = {

/* Begin PBXBuildFile section */
		B16C2696267888D70089C933 /* CombineExt.framework in Frameworks */ = {isa = PBXBuildFile; fileRef = B16C3706267888260086E760 /* CombineExt.framework */; };
		B16C2697267888D70089C933 /* CombineExt.framework in Embed Frameworks */ = {isa = PBXBuildFile; fileRef = B16C3706267888260086E760 /* CombineExt.framework */; settings = {ATTRIBUTES = (CodeSignOnCopy, RemoveHeadersOnCopy, ); }; };
		B16C36BD2678853E0086E760 /* AppDelegate.swift in Sources */ = {isa = PBXBuildFile; fileRef = B16C36BC2678853E0086E760 /* AppDelegate.swift */; };
		B16C36C12678853E0086E760 /* DocumentViewController.swift in Sources */ = {isa = PBXBuildFile; fileRef = B16C36C02678853E0086E760 /* DocumentViewController.swift */; };
		B16C36C62678853E0086E760 /* Main.storyboard in Resources */ = {isa = PBXBuildFile; fileRef = B16C36C42678853E0086E760 /* Main.storyboard */; };
		B16C36C82678853F0086E760 /* Assets.xcassets in Resources */ = {isa = PBXBuildFile; fileRef = B16C36C72678853F0086E760 /* Assets.xcassets */; };
		B16C36CB2678853F0086E760 /* LaunchScreen.storyboard in Resources */ = {isa = PBXBuildFile; fileRef = B16C36C92678853F0086E760 /* LaunchScreen.storyboard */; };
		B16C37282678883E0086E760 /* GoodCache.framework in Frameworks */ = {isa = PBXBuildFile; fileRef = B16C370A267888260086E760 /* GoodCache.framework */; };
		B16C37292678883E0086E760 /* GoodCache.framework in Embed Frameworks */ = {isa = PBXBuildFile; fileRef = B16C370A267888260086E760 /* GoodCache.framework */; settings = {ATTRIBUTES = (CodeSignOnCopy, RemoveHeadersOnCopy, ); }; };
		B16C372A2678883E0086E760 /* GoodCombineExtensions.framework in Frameworks */ = {isa = PBXBuildFile; fileRef = B16C370C267888260086E760 /* GoodCombineExtensions.framework */; };
		B16C372B2678883E0086E760 /* GoodCombineExtensions.framework in Embed Frameworks */ = {isa = PBXBuildFile; fileRef = B16C370C267888260086E760 /* GoodCombineExtensions.framework */; settings = {ATTRIBUTES = (CodeSignOnCopy, RemoveHeadersOnCopy, ); }; };
		B16C372C2678883E0086E760 /* GoodExtensions.framework in Frameworks */ = {isa = PBXBuildFile; fileRef = B16C370E267888260086E760 /* GoodExtensions.framework */; };
		B16C372D2678883E0086E760 /* GoodExtensions.framework in Embed Frameworks */ = {isa = PBXBuildFile; fileRef = B16C370E267888260086E760 /* GoodExtensions.framework */; settings = {ATTRIBUTES = (CodeSignOnCopy, RemoveHeadersOnCopy, ); }; };
		B16C372E2678883E0086E760 /* GoodReactor.framework in Frameworks */ = {isa = PBXBuildFile; fileRef = B16C3712267888260086E760 /* GoodReactor.framework */; };
		B16C372F2678883E0086E760 /* GoodReactor.framework in Embed Frameworks */ = {isa = PBXBuildFile; fileRef = B16C3712267888260086E760 /* GoodReactor.framework */; settings = {ATTRIBUTES = (CodeSignOnCopy, RemoveHeadersOnCopy, ); }; };
		B16C37302678883E0086E760 /* GoodStructs.framework in Frameworks */ = {isa = PBXBuildFile; fileRef = B16C3714267888260086E760 /* GoodStructs.framework */; };
		B16C37312678883E0086E760 /* GoodStructs.framework in Embed Frameworks */ = {isa = PBXBuildFile; fileRef = B16C3714267888260086E760 /* GoodStructs.framework */; settings = {ATTRIBUTES = (CodeSignOnCopy, RemoveHeadersOnCopy, ); }; };
/* End PBXBuildFile section */

/* Begin PBXContainerItemProxy section */
		B16C3705267888260086E760 /* PBXContainerItemProxy */ = {
			isa = PBXContainerItemProxy;
			containerPortal = B16C36E9267888260086E760 /* GoodExtensions.xcodeproj */;
			proxyType = 2;
			remoteGlobalIDString = "CombineExt::CombineExt::Product";
			remoteInfo = CombineExt;
		};
		B16C3707267888260086E760 /* PBXContainerItemProxy */ = {
			isa = PBXContainerItemProxy;
			containerPortal = B16C36E9267888260086E760 /* GoodExtensions.xcodeproj */;
			proxyType = 2;
			remoteGlobalIDString = "GoodExtensions::GRCompatible::Product";
			remoteInfo = GRCompatible;
		};
		B16C3709267888260086E760 /* PBXContainerItemProxy */ = {
			isa = PBXContainerItemProxy;
			containerPortal = B16C36E9267888260086E760 /* GoodExtensions.xcodeproj */;
			proxyType = 2;
			remoteGlobalIDString = "GoodExtensions::GoodCache::Product";
			remoteInfo = GoodCache;
		};
		B16C370B267888260086E760 /* PBXContainerItemProxy */ = {
			isa = PBXContainerItemProxy;
			containerPortal = B16C36E9267888260086E760 /* GoodExtensions.xcodeproj */;
			proxyType = 2;
			remoteGlobalIDString = "GoodExtensions::GoodCombineExtensions::Product";
			remoteInfo = GoodCombineExtensions;
		};
		B16C370D267888260086E760 /* PBXContainerItemProxy */ = {
			isa = PBXContainerItemProxy;
			containerPortal = B16C36E9267888260086E760 /* GoodExtensions.xcodeproj */;
			proxyType = 2;
			remoteGlobalIDString = "GoodExtensions::GoodExtensions::Product";
			remoteInfo = GoodExtensions;
		};
		B16C370F267888260086E760 /* PBXContainerItemProxy */ = {
			isa = PBXContainerItemProxy;
			containerPortal = B16C36E9267888260086E760 /* GoodExtensions.xcodeproj */;
			proxyType = 2;
			remoteGlobalIDString = "GoodExtensions::GoodExtensionsTests::Product";
			remoteInfo = GoodExtensionsTests;
		};
		B16C3711267888260086E760 /* PBXContainerItemProxy */ = {
			isa = PBXContainerItemProxy;
			containerPortal = B16C36E9267888260086E760 /* GoodExtensions.xcodeproj */;
			proxyType = 2;
			remoteGlobalIDString = "GoodExtensions::GoodReactor::Product";
			remoteInfo = GoodReactor;
		};
		B16C3713267888260086E760 /* PBXContainerItemProxy */ = {
			isa = PBXContainerItemProxy;
			containerPortal = B16C36E9267888260086E760 /* GoodExtensions.xcodeproj */;
			proxyType = 2;
			remoteGlobalIDString = "GoodExtensions::GoodStructs::Product";
			remoteInfo = GoodStructs;
		};
		B16C3715267888260086E760 /* PBXContainerItemProxy */ = {
			isa = PBXContainerItemProxy;
			containerPortal = B16C36E9267888260086E760 /* GoodExtensions.xcodeproj */;
			proxyType = 2;
			remoteGlobalIDString = "GoodExtensions::Sample::Product";
			remoteInfo = Sample;
		};
/* End PBXContainerItemProxy section */

/* Begin PBXCopyFilesBuildPhase section */
		B16C37322678883E0086E760 /* Embed Frameworks */ = {
			isa = PBXCopyFilesBuildPhase;
			buildActionMask = 2147483647;
			dstPath = "";
			dstSubfolderSpec = 10;
			files = (
				B16C37312678883E0086E760 /* GoodStructs.framework in Embed Frameworks */,
				B16C372D2678883E0086E760 /* GoodExtensions.framework in Embed Frameworks */,
				B16C2697267888D70089C933 /* CombineExt.framework in Embed Frameworks */,
				B16C37292678883E0086E760 /* GoodCache.framework in Embed Frameworks */,
				B16C372F2678883E0086E760 /* GoodReactor.framework in Embed Frameworks */,
				B16C372B2678883E0086E760 /* GoodCombineExtensions.framework in Embed Frameworks */,
			);
			name = "Embed Frameworks";
			runOnlyForDeploymentPostprocessing = 0;
		};
/* End PBXCopyFilesBuildPhase section */

/* Begin PBXFileReference section */
		B16C36B92678853E0086E760 /* Sample.app */ = {isa = PBXFileReference; explicitFileType = wrapper.application; includeInIndex = 0; path = Sample.app; sourceTree = BUILT_PRODUCTS_DIR; };
		B16C36BC2678853E0086E760 /* AppDelegate.swift */ = {isa = PBXFileReference; lastKnownFileType = sourcecode.swift; path = AppDelegate.swift; sourceTree = "<group>"; };
		B16C36C02678853E0086E760 /* DocumentViewController.swift */ = {isa = PBXFileReference; lastKnownFileType = sourcecode.swift; path = DocumentViewController.swift; sourceTree = "<group>"; };
		B16C36C52678853E0086E760 /* Base */ = {isa = PBXFileReference; lastKnownFileType = file.storyboard; name = Base; path = Base.lproj/Main.storyboard; sourceTree = "<group>"; };
		B16C36C72678853F0086E760 /* Assets.xcassets */ = {isa = PBXFileReference; lastKnownFileType = folder.assetcatalog; path = Assets.xcassets; sourceTree = "<group>"; };
		B16C36CA2678853F0086E760 /* Base */ = {isa = PBXFileReference; lastKnownFileType = file.storyboard; name = Base; path = Base.lproj/LaunchScreen.storyboard; sourceTree = "<group>"; };
		B16C36CC2678853F0086E760 /* Info.plist */ = {isa = PBXFileReference; lastKnownFileType = text.plist.xml; path = Info.plist; sourceTree = "<group>"; };
		B16C36E9267888260086E760 /* GoodExtensions.xcodeproj */ = {isa = PBXFileReference; lastKnownFileType = "wrapper.pb-project"; name = GoodExtensions.xcodeproj; path = ../GoodExtensions.xcodeproj; sourceTree = "<group>"; };
/* End PBXFileReference section */

/* Begin PBXFrameworksBuildPhase section */
		B16C36B62678853E0086E760 /* Frameworks */ = {
			isa = PBXFrameworksBuildPhase;
			buildActionMask = 2147483647;
			files = (
				B16C37302678883E0086E760 /* GoodStructs.framework in Frameworks */,
				B16C372C2678883E0086E760 /* GoodExtensions.framework in Frameworks */,
				B16C2696267888D70089C933 /* CombineExt.framework in Frameworks */,
				B16C37282678883E0086E760 /* GoodCache.framework in Frameworks */,
				B16C372E2678883E0086E760 /* GoodReactor.framework in Frameworks */,
				B16C372A2678883E0086E760 /* GoodCombineExtensions.framework in Frameworks */,
			);
			runOnlyForDeploymentPostprocessing = 0;
		};
/* End PBXFrameworksBuildPhase section */

/* Begin PBXGroup section */
		B16C36B02678853E0086E760 = {
			isa = PBXGroup;
			children = (
				B16C36BB2678853E0086E760 /* Sample */,
				B16C36E9267888260086E760 /* GoodExtensions.xcodeproj */,
				B16C36BA2678853E0086E760 /* Products */,
				B16C37272678883E0086E760 /* Frameworks */,
			);
			sourceTree = "<group>";
		};
		B16C36BA2678853E0086E760 /* Products */ = {
			isa = PBXGroup;
			children = (
				B16C36B92678853E0086E760 /* Sample.app */,
			);
			name = Products;
			sourceTree = "<group>";
		};
		B16C36BB2678853E0086E760 /* Sample */ = {
			isa = PBXGroup;
			children = (
				B16C36BC2678853E0086E760 /* AppDelegate.swift */,
				B16C36C02678853E0086E760 /* DocumentViewController.swift */,
				B16C36C42678853E0086E760 /* Main.storyboard */,
				B16C36C72678853F0086E760 /* Assets.xcassets */,
				B16C36C92678853F0086E760 /* LaunchScreen.storyboard */,
				B16C36CC2678853F0086E760 /* Info.plist */,
			);
			path = Sample;
			sourceTree = "<group>";
		};
		B16C36EA267888260086E760 /* Products */ = {
			isa = PBXGroup;
			children = (
				B16C3706267888260086E760 /* CombineExt.framework */,
				B16C3708267888260086E760 /* GRCompatible.framework */,
				B16C370A267888260086E760 /* GoodCache.framework */,
				B16C370C267888260086E760 /* GoodCombineExtensions.framework */,
				B16C370E267888260086E760 /* GoodExtensions.framework */,
				B16C3710267888260086E760 /* GoodExtensionsTests.xctest */,
				B16C3712267888260086E760 /* GoodReactor.framework */,
				B16C3714267888260086E760 /* GoodStructs.framework */,
				B16C3716267888260086E760 /* Sample.framework */,
			);
			name = Products;
			sourceTree = "<group>";
		};
		B16C37272678883E0086E760 /* Frameworks */ = {
			isa = PBXGroup;
			children = (
			);
			name = Frameworks;
			sourceTree = "<group>";
		};
/* End PBXGroup section */

/* Begin PBXNativeTarget section */
		B16C36B82678853E0086E760 /* Sample */ = {
			isa = PBXNativeTarget;
			buildConfigurationList = B16C36CF2678853F0086E760 /* Build configuration list for PBXNativeTarget "Sample" */;
			buildPhases = (
				B16C36B52678853E0086E760 /* Sources */,
				B16C36B62678853E0086E760 /* Frameworks */,
				B16C36B72678853E0086E760 /* Resources */,
				B16C37322678883E0086E760 /* Embed Frameworks */,
			);
			buildRules = (
			);
			dependencies = (
			);
			name = Sample;
			packageProductDependencies = (
			);
			productName = Sample;
			productReference = B16C36B92678853E0086E760 /* Sample.app */;
			productType = "com.apple.product-type.application";
		};
/* End PBXNativeTarget section */

/* Begin PBXProject section */
		B16C36B12678853E0086E760 /* Project object */ = {
			isa = PBXProject;
			attributes = {
				LastSwiftUpdateCheck = 1240;
				LastUpgradeCheck = 1240;
				TargetAttributes = {
					B16C36B82678853E0086E760 = {
						CreatedOnToolsVersion = 12.4;
					};
				};
			};
			buildConfigurationList = B16C36B42678853E0086E760 /* Build configuration list for PBXProject "Sample" */;
			compatibilityVersion = "Xcode 9.3";
			developmentRegion = en;
			hasScannedForEncodings = 0;
			knownRegions = (
				en,
				Base,
			);
			mainGroup = B16C36B02678853E0086E760;
			packageReferences = (
			);
			productRefGroup = B16C36BA2678853E0086E760 /* Products */;
			projectDirPath = "";
			projectReferences = (
				{
					ProductGroup = B16C36EA267888260086E760 /* Products */;
					ProjectRef = B16C36E9267888260086E760 /* GoodExtensions.xcodeproj */;
				},
			);
			projectRoot = "";
			targets = (
				B16C36B82678853E0086E760 /* Sample */,
			);
		};
/* End PBXProject section */

/* Begin PBXReferenceProxy section */
		B16C3706267888260086E760 /* CombineExt.framework */ = {
			isa = PBXReferenceProxy;
			fileType = wrapper.framework;
			path = CombineExt.framework;
			remoteRef = B16C3705267888260086E760 /* PBXContainerItemProxy */;
			sourceTree = BUILT_PRODUCTS_DIR;
		};
		B16C3708267888260086E760 /* GRCompatible.framework */ = {
			isa = PBXReferenceProxy;
			fileType = wrapper.framework;
			path = GRCompatible.framework;
			remoteRef = B16C3707267888260086E760 /* PBXContainerItemProxy */;
			sourceTree = BUILT_PRODUCTS_DIR;
		};
		B16C370A267888260086E760 /* GoodCache.framework */ = {
			isa = PBXReferenceProxy;
			fileType = wrapper.framework;
			path = GoodCache.framework;
			remoteRef = B16C3709267888260086E760 /* PBXContainerItemProxy */;
			sourceTree = BUILT_PRODUCTS_DIR;
		};
		B16C370C267888260086E760 /* GoodCombineExtensions.framework */ = {
			isa = PBXReferenceProxy;
			fileType = wrapper.framework;
			path = GoodCombineExtensions.framework;
			remoteRef = B16C370B267888260086E760 /* PBXContainerItemProxy */;
			sourceTree = BUILT_PRODUCTS_DIR;
		};
		B16C370E267888260086E760 /* GoodExtensions.framework */ = {
			isa = PBXReferenceProxy;
			fileType = wrapper.framework;
			path = GoodExtensions.framework;
			remoteRef = B16C370D267888260086E760 /* PBXContainerItemProxy */;
			sourceTree = BUILT_PRODUCTS_DIR;
		};
		B16C3710267888260086E760 /* GoodExtensionsTests.xctest */ = {
			isa = PBXReferenceProxy;
			fileType = file;
			path = GoodExtensionsTests.xctest;
			remoteRef = B16C370F267888260086E760 /* PBXContainerItemProxy */;
			sourceTree = BUILT_PRODUCTS_DIR;
		};
		B16C3712267888260086E760 /* GoodReactor.framework */ = {
			isa = PBXReferenceProxy;
			fileType = wrapper.framework;
			path = GoodReactor.framework;
			remoteRef = B16C3711267888260086E760 /* PBXContainerItemProxy */;
			sourceTree = BUILT_PRODUCTS_DIR;
		};
		B16C3714267888260086E760 /* GoodStructs.framework */ = {
			isa = PBXReferenceProxy;
			fileType = wrapper.framework;
			path = GoodStructs.framework;
			remoteRef = B16C3713267888260086E760 /* PBXContainerItemProxy */;
			sourceTree = BUILT_PRODUCTS_DIR;
		};
		B16C3716267888260086E760 /* Sample.framework */ = {
			isa = PBXReferenceProxy;
			fileType = wrapper.framework;
			path = Sample.framework;
			remoteRef = B16C3715267888260086E760 /* PBXContainerItemProxy */;
			sourceTree = BUILT_PRODUCTS_DIR;
		};
/* End PBXReferenceProxy section */

/* Begin PBXResourcesBuildPhase section */
		B16C36B72678853E0086E760 /* Resources */ = {
			isa = PBXResourcesBuildPhase;
			buildActionMask = 2147483647;
			files = (
				B16C36CB2678853F0086E760 /* LaunchScreen.storyboard in Resources */,
				B16C36C82678853F0086E760 /* Assets.xcassets in Resources */,
				B16C36C62678853E0086E760 /* Main.storyboard in Resources */,
			);
			runOnlyForDeploymentPostprocessing = 0;
		};
/* End PBXResourcesBuildPhase section */

/* Begin PBXSourcesBuildPhase section */
		B16C36B52678853E0086E760 /* Sources */ = {
			isa = PBXSourcesBuildPhase;
			buildActionMask = 2147483647;
			files = (
				B16C36C12678853E0086E760 /* DocumentViewController.swift in Sources */,
				B16C36BD2678853E0086E760 /* AppDelegate.swift in Sources */,
			);
			runOnlyForDeploymentPostprocessing = 0;
		};
/* End PBXSourcesBuildPhase section */

/* Begin PBXVariantGroup section */
		B16C36C42678853E0086E760 /* Main.storyboard */ = {
			isa = PBXVariantGroup;
			children = (
				B16C36C52678853E0086E760 /* Base */,
			);
			name = Main.storyboard;
			sourceTree = "<group>";
		};
		B16C36C92678853F0086E760 /* LaunchScreen.storyboard */ = {
			isa = PBXVariantGroup;
			children = (
				B16C36CA2678853F0086E760 /* Base */,
			);
			name = LaunchScreen.storyboard;
			sourceTree = "<group>";
		};
/* End PBXVariantGroup section */

/* Begin XCBuildConfiguration section */
		B16C36CD2678853F0086E760 /* Debug */ = {
			isa = XCBuildConfiguration;
			buildSettings = {
				ALWAYS_SEARCH_USER_PATHS = NO;
				CLANG_ANALYZER_NONNULL = YES;
				CLANG_ANALYZER_NUMBER_OBJECT_CONVERSION = YES_AGGRESSIVE;
				CLANG_CXX_LANGUAGE_STANDARD = "gnu++14";
				CLANG_CXX_LIBRARY = "libc++";
				CLANG_ENABLE_MODULES = YES;
				CLANG_ENABLE_OBJC_ARC = YES;
				CLANG_ENABLE_OBJC_WEAK = YES;
				CLANG_WARN_BLOCK_CAPTURE_AUTORELEASING = YES;
				CLANG_WARN_BOOL_CONVERSION = YES;
				CLANG_WARN_COMMA = YES;
				CLANG_WARN_CONSTANT_CONVERSION = YES;
				CLANG_WARN_DEPRECATED_OBJC_IMPLEMENTATIONS = YES;
				CLANG_WARN_DIRECT_OBJC_ISA_USAGE = YES_ERROR;
				CLANG_WARN_DOCUMENTATION_COMMENTS = YES;
				CLANG_WARN_EMPTY_BODY = YES;
				CLANG_WARN_ENUM_CONVERSION = YES;
				CLANG_WARN_INFINITE_RECURSION = YES;
				CLANG_WARN_INT_CONVERSION = YES;
				CLANG_WARN_NON_LITERAL_NULL_CONVERSION = YES;
				CLANG_WARN_OBJC_IMPLICIT_RETAIN_SELF = YES;
				CLANG_WARN_OBJC_LITERAL_CONVERSION = YES;
				CLANG_WARN_OBJC_ROOT_CLASS = YES_ERROR;
				CLANG_WARN_QUOTED_INCLUDE_IN_FRAMEWORK_HEADER = YES;
				CLANG_WARN_RANGE_LOOP_ANALYSIS = YES;
				CLANG_WARN_STRICT_PROTOTYPES = YES;
				CLANG_WARN_SUSPICIOUS_MOVE = YES;
				CLANG_WARN_UNGUARDED_AVAILABILITY = YES_AGGRESSIVE;
				CLANG_WARN_UNREACHABLE_CODE = YES;
				CLANG_WARN__DUPLICATE_METHOD_MATCH = YES;
				COPY_PHASE_STRIP = NO;
				DEBUG_INFORMATION_FORMAT = dwarf;
				ENABLE_STRICT_OBJC_MSGSEND = YES;
				ENABLE_TESTABILITY = YES;
				GCC_C_LANGUAGE_STANDARD = gnu11;
				GCC_DYNAMIC_NO_PIC = NO;
				GCC_NO_COMMON_BLOCKS = YES;
				GCC_OPTIMIZATION_LEVEL = 0;
				GCC_PREPROCESSOR_DEFINITIONS = (
					"DEBUG=1",
					"$(inherited)",
				);
				GCC_WARN_64_TO_32_BIT_CONVERSION = YES;
				GCC_WARN_ABOUT_RETURN_TYPE = YES_ERROR;
				GCC_WARN_UNDECLARED_SELECTOR = YES;
				GCC_WARN_UNINITIALIZED_AUTOS = YES_AGGRESSIVE;
				GCC_WARN_UNUSED_FUNCTION = YES;
				GCC_WARN_UNUSED_VARIABLE = YES;
				IPHONEOS_DEPLOYMENT_TARGET = 14.4;
				MTL_ENABLE_DEBUG_INFO = INCLUDE_SOURCE;
				MTL_FAST_MATH = YES;
				ONLY_ACTIVE_ARCH = YES;
				SDKROOT = iphoneos;
				SWIFT_ACTIVE_COMPILATION_CONDITIONS = DEBUG;
				SWIFT_OPTIMIZATION_LEVEL = "-Onone";
			};
			name = Debug;
		};
		B16C36CE2678853F0086E760 /* Release */ = {
			isa = XCBuildConfiguration;
			buildSettings = {
				ALWAYS_SEARCH_USER_PATHS = NO;
				CLANG_ANALYZER_NONNULL = YES;
				CLANG_ANALYZER_NUMBER_OBJECT_CONVERSION = YES_AGGRESSIVE;
				CLANG_CXX_LANGUAGE_STANDARD = "gnu++14";
				CLANG_CXX_LIBRARY = "libc++";
				CLANG_ENABLE_MODULES = YES;
				CLANG_ENABLE_OBJC_ARC = YES;
				CLANG_ENABLE_OBJC_WEAK = YES;
				CLANG_WARN_BLOCK_CAPTURE_AUTORELEASING = YES;
				CLANG_WARN_BOOL_CONVERSION = YES;
				CLANG_WARN_COMMA = YES;
				CLANG_WARN_CONSTANT_CONVERSION = YES;
				CLANG_WARN_DEPRECATED_OBJC_IMPLEMENTATIONS = YES;
				CLANG_WARN_DIRECT_OBJC_ISA_USAGE = YES_ERROR;
				CLANG_WARN_DOCUMENTATION_COMMENTS = YES;
				CLANG_WARN_EMPTY_BODY = YES;
				CLANG_WARN_ENUM_CONVERSION = YES;
				CLANG_WARN_INFINITE_RECURSION = YES;
				CLANG_WARN_INT_CONVERSION = YES;
				CLANG_WARN_NON_LITERAL_NULL_CONVERSION = YES;
				CLANG_WARN_OBJC_IMPLICIT_RETAIN_SELF = YES;
				CLANG_WARN_OBJC_LITERAL_CONVERSION = YES;
				CLANG_WARN_OBJC_ROOT_CLASS = YES_ERROR;
				CLANG_WARN_QUOTED_INCLUDE_IN_FRAMEWORK_HEADER = YES;
				CLANG_WARN_RANGE_LOOP_ANALYSIS = YES;
				CLANG_WARN_STRICT_PROTOTYPES = YES;
				CLANG_WARN_SUSPICIOUS_MOVE = YES;
				CLANG_WARN_UNGUARDED_AVAILABILITY = YES_AGGRESSIVE;
				CLANG_WARN_UNREACHABLE_CODE = YES;
				CLANG_WARN__DUPLICATE_METHOD_MATCH = YES;
				COPY_PHASE_STRIP = NO;
				DEBUG_INFORMATION_FORMAT = "dwarf-with-dsym";
				ENABLE_NS_ASSERTIONS = NO;
				ENABLE_STRICT_OBJC_MSGSEND = YES;
				GCC_C_LANGUAGE_STANDARD = gnu11;
				GCC_NO_COMMON_BLOCKS = YES;
				GCC_WARN_64_TO_32_BIT_CONVERSION = YES;
				GCC_WARN_ABOUT_RETURN_TYPE = YES_ERROR;
				GCC_WARN_UNDECLARED_SELECTOR = YES;
				GCC_WARN_UNINITIALIZED_AUTOS = YES_AGGRESSIVE;
				GCC_WARN_UNUSED_FUNCTION = YES;
				GCC_WARN_UNUSED_VARIABLE = YES;
				IPHONEOS_DEPLOYMENT_TARGET = 14.4;
				MTL_ENABLE_DEBUG_INFO = NO;
				MTL_FAST_MATH = YES;
				SDKROOT = iphoneos;
				SWIFT_COMPILATION_MODE = wholemodule;
				SWIFT_OPTIMIZATION_LEVEL = "-O";
				VALIDATE_PRODUCT = YES;
			};
			name = Release;
		};
		B16C36D02678853F0086E760 /* Debug */ = {
			isa = XCBuildConfiguration;
			buildSettings = {
				ASSETCATALOG_COMPILER_APPICON_NAME = AppIcon;
				ASSETCATALOG_COMPILER_GLOBAL_ACCENT_COLOR_NAME = AccentColor;
				CODE_SIGN_STYLE = Automatic;
				INFOPLIST_FILE = Sample/Info.plist;
				IPHONEOS_DEPLOYMENT_TARGET = 13.0;
				LD_RUNPATH_SEARCH_PATHS = (
					"$(inherited)",
					"@executable_path/Frameworks",
				);
				PRODUCT_BUNDLE_IDENTIFIER = Sample.Sample;
				PRODUCT_NAME = "$(TARGET_NAME)";
				SWIFT_VERSION = 5.0;
				TARGETED_DEVICE_FAMILY = "1,2";
			};
			name = Debug;
		};
		B16C36D12678853F0086E760 /* Release */ = {
			isa = XCBuildConfiguration;
			buildSettings = {
				ASSETCATALOG_COMPILER_APPICON_NAME = AppIcon;
				ASSETCATALOG_COMPILER_GLOBAL_ACCENT_COLOR_NAME = AccentColor;
				CODE_SIGN_STYLE = Automatic;
				INFOPLIST_FILE = Sample/Info.plist;
				IPHONEOS_DEPLOYMENT_TARGET = 13.0;
				LD_RUNPATH_SEARCH_PATHS = (
					"$(inherited)",
					"@executable_path/Frameworks",
				);
				PRODUCT_BUNDLE_IDENTIFIER = Sample.Sample;
				PRODUCT_NAME = "$(TARGET_NAME)";
				SWIFT_VERSION = 5.0;
				TARGETED_DEVICE_FAMILY = "1,2";
			};
			name = Release;
		};
/* End XCBuildConfiguration section */

/* Begin XCConfigurationList section */
		B16C36B42678853E0086E760 /* Build configuration list for PBXProject "Sample" */ = {
			isa = XCConfigurationList;
			buildConfigurations = (
				B16C36CD2678853F0086E760 /* Debug */,
				B16C36CE2678853F0086E760 /* Release */,
			);
			defaultConfigurationIsVisible = 0;
			defaultConfigurationName = Release;
		};
		B16C36CF2678853F0086E760 /* Build configuration list for PBXNativeTarget "Sample" */ = {
			isa = XCConfigurationList;
			buildConfigurations = (
				B16C36D02678853F0086E760 /* Debug */,
				B16C36D12678853F0086E760 /* Release */,
			);
			defaultConfigurationIsVisible = 0;
			defaultConfigurationName = Release;
		};
/* End XCConfigurationList section */
	};
	rootObject = B16C36B12678853E0086E760 /* Project object */;
}
