// !$*UTF8*$!
{
	archiveVersion = 1;
	classes = {
	};
	objectVersion = 46;
	objects = {

/* Begin PBXAggregateTarget section */
		"GoodExtensions::GoodExtensionsPackageTests::ProductTarget" /* GoodExtensionsPackageTests */ = {
			isa = PBXAggregateTarget;
			buildConfigurationList = OBJ_220 /* Build configuration list for PBXAggregateTarget "GoodExtensionsPackageTests" */;
			buildPhases = (
			);
			dependencies = (
				OBJ_223 /* PBXTargetDependency */,
			);
			name = GoodExtensionsPackageTests;
			productName = GoodExtensionsPackageTests;
		};
/* End PBXAggregateTarget section */

/* Begin PBXBuildFile section */
		B18F13412677479E00F7FF17 /* Date.swift in Sources */ = {isa = PBXBuildFile; fileRef = B18F133E2677479D00F7FF17 /* Date.swift */; };
		B18F13422677479E00F7FF17 /* UIRefreshControl.swift in Sources */ = {isa = PBXBuildFile; fileRef = B18F133F2677479E00F7FF17 /* UIRefreshControl.swift */; };
		B18F13432677479E00F7FF17 /* UIScrollView.swift in Sources */ = {isa = PBXBuildFile; fileRef = B18F13402677479E00F7FF17 /* UIScrollView.swift */; };
		B1D953AD2673972700EE30CE /* GesturePublisher.swift in Sources */ = {isa = PBXBuildFile; fileRef = OBJ_16 /* GesturePublisher.swift */; };
		BAF111E426D7B1AB00D16E9F /* UIBarButtonPublisher.swift in Sources */ = {isa = PBXBuildFile; fileRef = BAF111E326D7B1AB00D16E9F /* UIBarButtonPublisher.swift */; };
		BAF111E626D7B1C200D16E9F /* UIBarButtonSubscriber.swift in Sources */ = {isa = PBXBuildFile; fileRef = BAF111E526D7B1C200D16E9F /* UIBarButtonSubscriber.swift */; };
		OBJ_113 /* DemandBuffer.swift in Sources */ = {isa = PBXBuildFile; fileRef = OBJ_66 /* DemandBuffer.swift */; };
		OBJ_114 /* Sink.swift in Sources */ = {isa = PBXBuildFile; fileRef = OBJ_67 /* Sink.swift */; };
		OBJ_115 /* Optional.swift in Sources */ = {isa = PBXBuildFile; fileRef = OBJ_69 /* Optional.swift */; };
		OBJ_116 /* Event.swift in Sources */ = {isa = PBXBuildFile; fileRef = OBJ_71 /* Event.swift */; };
		OBJ_117 /* ObjectOwnership.swift in Sources */ = {isa = PBXBuildFile; fileRef = OBJ_72 /* ObjectOwnership.swift */; };
		OBJ_118 /* Amb.swift in Sources */ = {isa = PBXBuildFile; fileRef = OBJ_74 /* Amb.swift */; };
		OBJ_119 /* AssignOwnership.swift in Sources */ = {isa = PBXBuildFile; fileRef = OBJ_75 /* AssignOwnership.swift */; };
		OBJ_120 /* AssignToMany.swift in Sources */ = {isa = PBXBuildFile; fileRef = OBJ_76 /* AssignToMany.swift */; };
		OBJ_121 /* CombineLatestMany.swift in Sources */ = {isa = PBXBuildFile; fileRef = OBJ_77 /* CombineLatestMany.swift */; };
		OBJ_122 /* Create.swift in Sources */ = {isa = PBXBuildFile; fileRef = OBJ_78 /* Create.swift */; };
		OBJ_123 /* Dematerialize.swift in Sources */ = {isa = PBXBuildFile; fileRef = OBJ_79 /* Dematerialize.swift */; };
		OBJ_124 /* FlatMapLatest.swift in Sources */ = {isa = PBXBuildFile; fileRef = OBJ_80 /* FlatMapLatest.swift */; };
		OBJ_125 /* MapMany.swift in Sources */ = {isa = PBXBuildFile; fileRef = OBJ_81 /* MapMany.swift */; };
		OBJ_126 /* Materialize.swift in Sources */ = {isa = PBXBuildFile; fileRef = OBJ_82 /* Materialize.swift */; };
		OBJ_127 /* Partition.swift in Sources */ = {isa = PBXBuildFile; fileRef = OBJ_83 /* Partition.swift */; };
		OBJ_128 /* PrefixDuration.swift in Sources */ = {isa = PBXBuildFile; fileRef = OBJ_84 /* PrefixDuration.swift */; };
		OBJ_129 /* RemoveAllDuplicates.swift in Sources */ = {isa = PBXBuildFile; fileRef = OBJ_85 /* RemoveAllDuplicates.swift */; };
		OBJ_130 /* SetOutputType.swift in Sources */ = {isa = PBXBuildFile; fileRef = OBJ_86 /* SetOutputType.swift */; };
		OBJ_131 /* ShareReplay.swift in Sources */ = {isa = PBXBuildFile; fileRef = OBJ_87 /* ShareReplay.swift */; };
		OBJ_132 /* WithLatestFrom.swift in Sources */ = {isa = PBXBuildFile; fileRef = OBJ_88 /* WithLatestFrom.swift */; };
		OBJ_133 /* ZipMany.swift in Sources */ = {isa = PBXBuildFile; fileRef = OBJ_89 /* ZipMany.swift */; };
		OBJ_134 /* CurrentValueRelay.swift in Sources */ = {isa = PBXBuildFile; fileRef = OBJ_91 /* CurrentValueRelay.swift */; };
		OBJ_135 /* PassthroughRelay.swift in Sources */ = {isa = PBXBuildFile; fileRef = OBJ_92 /* PassthroughRelay.swift */; };
		OBJ_136 /* Relay.swift in Sources */ = {isa = PBXBuildFile; fileRef = OBJ_93 /* Relay.swift */; };
		OBJ_137 /* ReplaySubject.swift in Sources */ = {isa = PBXBuildFile; fileRef = OBJ_95 /* ReplaySubject.swift */; };
		OBJ_144 /* Package.swift in Sources */ = {isa = PBXBuildFile; fileRef = OBJ_64 /* Package.swift */; };
		OBJ_150 /* GRCompatible.swift in Sources */ = {isa = PBXBuildFile; fileRef = OBJ_9 /* GRCompatible.swift */; };
		OBJ_157 /* KeychainItemAccessibility.swift in Sources */ = {isa = PBXBuildFile; fileRef = OBJ_11 /* KeychainItemAccessibility.swift */; };
		OBJ_158 /* KeychainValue.swift in Sources */ = {isa = PBXBuildFile; fileRef = OBJ_12 /* KeychainValue.swift */; };
		OBJ_159 /* KeychainWrapper.swift in Sources */ = {isa = PBXBuildFile; fileRef = OBJ_13 /* KeychainWrapper.swift */; };
		OBJ_160 /* UserDefaultsWrapper.swift in Sources */ = {isa = PBXBuildFile; fileRef = OBJ_14 /* UserDefaultsWrapper.swift */; };
		OBJ_162 /* CombineExt.framework in Frameworks */ = {isa = PBXBuildFile; fileRef = "CombineExt::CombineExt::Product" /* CombineExt.framework */; };
		OBJ_163 /* GRCompatible.framework in Frameworks */ = {isa = PBXBuildFile; fileRef = "GoodExtensions::GRCompatible::Product" /* GRCompatible.framework */; };
		OBJ_172 /* GestureSubscriber.swift in Sources */ = {isa = PBXBuildFile; fileRef = OBJ_17 /* GestureSubscriber.swift */; };
		OBJ_173 /* Nwise.swift in Sources */ = {isa = PBXBuildFile; fileRef = OBJ_18 /* Nwise.swift */; };
		OBJ_174 /* Publishers.swift in Sources */ = {isa = PBXBuildFile; fileRef = OBJ_19 /* Publishers.swift */; };
		OBJ_175 /* UIControlPublisher.swift in Sources */ = {isa = PBXBuildFile; fileRef = OBJ_20 /* UIControlPublisher.swift */; };
		OBJ_176 /* UIControlSubscriber.swift in Sources */ = {isa = PBXBuildFile; fileRef = OBJ_21 /* UIControlSubscriber.swift */; };
		OBJ_178 /* CombineExt.framework in Frameworks */ = {isa = PBXBuildFile; fileRef = "CombineExt::CombineExt::Product" /* CombineExt.framework */; };
		OBJ_179 /* GRCompatible.framework in Frameworks */ = {isa = PBXBuildFile; fileRef = "GoodExtensions::GRCompatible::Product" /* GRCompatible.framework */; };
		OBJ_187 /* Array.swift in Sources */ = {isa = PBXBuildFile; fileRef = OBJ_23 /* Array.swift */; };
		OBJ_188 /* CGAffineTransform.swift in Sources */ = {isa = PBXBuildFile; fileRef = OBJ_24 /* CGAffineTransform.swift */; };
		OBJ_189 /* Data.swift in Sources */ = {isa = PBXBuildFile; fileRef = OBJ_25 /* Data.swift */; };
		OBJ_190 /* GoodSwift.swift in Sources */ = {isa = PBXBuildFile; fileRef = OBJ_26 /* GoodSwift.swift */; };
		OBJ_191 /* Instantiable.swift in Sources */ = {isa = PBXBuildFile; fileRef = OBJ_27 /* Instantiable.swift */; };
		OBJ_192 /* MKMultiPoint.swift in Sources */ = {isa = PBXBuildFile; fileRef = OBJ_28 /* MKMultiPoint.swift */; };
		OBJ_193 /* NSAttributedString.swift in Sources */ = {isa = PBXBuildFile; fileRef = OBJ_29 /* NSAttributedString.swift */; };
		OBJ_194 /* NSCollectionLayoutGroup.swift in Sources */ = {isa = PBXBuildFile; fileRef = OBJ_30 /* NSCollectionLayoutGroup.swift */; };
		OBJ_195 /* NameDescribable.swift in Sources */ = {isa = PBXBuildFile; fileRef = OBJ_31 /* NameDescribable.swift */; };
		OBJ_196 /* SFSafariViewController.swift in Sources */ = {isa = PBXBuildFile; fileRef = OBJ_32 /* SFSafariViewController.swift */; };
		OBJ_197 /* String.swift in Sources */ = {isa = PBXBuildFile; fileRef = OBJ_33 /* String.swift */; };
		OBJ_198 /* UIAlertController.swift in Sources */ = {isa = PBXBuildFile; fileRef = OBJ_34 /* UIAlertController.swift */; };
		OBJ_199 /* UIApplication.swift in Sources */ = {isa = PBXBuildFile; fileRef = OBJ_35 /* UIApplication.swift */; };
		OBJ_200 /* UICollectionViewCell.swift in Sources */ = {isa = PBXBuildFile; fileRef = OBJ_36 /* UICollectionViewCell.swift */; };
		OBJ_201 /* UIColor.swift in Sources */ = {isa = PBXBuildFile; fileRef = OBJ_37 /* UIColor.swift */; };
		OBJ_202 /* UIDatePicker.swift in Sources */ = {isa = PBXBuildFile; fileRef = OBJ_38 /* UIDatePicker.swift */; };
		OBJ_203 /* UIDevice.swift in Sources */ = {isa = PBXBuildFile; fileRef = OBJ_39 /* UIDevice.swift */; };
		OBJ_205 /* UILabel.swift in Sources */ = {isa = PBXBuildFile; fileRef = OBJ_41 /* UILabel.swift */; };
		OBJ_206 /* UINavigationController.swift in Sources */ = {isa = PBXBuildFile; fileRef = OBJ_42 /* UINavigationController.swift */; };
		OBJ_207 /* UIView.swift in Sources */ = {isa = PBXBuildFile; fileRef = OBJ_43 /* UIView.swift */; };
		OBJ_208 /* URL.swift in Sources */ = {isa = PBXBuildFile; fileRef = OBJ_44 /* URL.swift */; };
		OBJ_209 /* ViewControllerExtension.swift in Sources */ = {isa = PBXBuildFile; fileRef = OBJ_45 /* ViewControllerExtension.swift */; };
		OBJ_211 /* GRCompatible.framework in Frameworks */ = {isa = PBXBuildFile; fileRef = "GoodExtensions::GRCompatible::Product" /* GRCompatible.framework */; };
		OBJ_218 /* Package.swift in Sources */ = {isa = PBXBuildFile; fileRef = OBJ_6 /* Package.swift */; };
		OBJ_229 /* GoodExtensionsTests.swift in Sources */ = {isa = PBXBuildFile; fileRef = OBJ_60 /* GoodExtensionsTests.swift */; };
		OBJ_230 /* XCTestManifests.swift in Sources */ = {isa = PBXBuildFile; fileRef = OBJ_61 /* XCTestManifests.swift */; };
		OBJ_232 /* GoodExtensions.framework in Frameworks */ = {isa = PBXBuildFile; fileRef = "GoodExtensions::GoodExtensions::Product" /* GoodExtensions.framework */; };
		OBJ_233 /* GRCompatible.framework in Frameworks */ = {isa = PBXBuildFile; fileRef = "GoodExtensions::GRCompatible::Product" /* GRCompatible.framework */; };
		OBJ_241 /* GoodReactor.swift in Sources */ = {isa = PBXBuildFile; fileRef = OBJ_47 /* GoodReactor.swift */; };
		OBJ_242 /* WeakMapTable.swift in Sources */ = {isa = PBXBuildFile; fileRef = OBJ_48 /* WeakMapTable.swift */; };
		OBJ_244 /* CombineExt.framework in Frameworks */ = {isa = PBXBuildFile; fileRef = "CombineExt::CombineExt::Product" /* CombineExt.framework */; };
		OBJ_251 /* Either&Result.swift in Sources */ = {isa = PBXBuildFile; fileRef = OBJ_50 /* Either&Result.swift */; };
		OBJ_252 /* Nothing.swift in Sources */ = {isa = PBXBuildFile; fileRef = OBJ_51 /* Nothing.swift */; };
		OBJ_253 /* Then.swift in Sources */ = {isa = PBXBuildFile; fileRef = OBJ_52 /* Then.swift */; };
		OBJ_264 /* GoodReactor.framework in Frameworks */ = {isa = PBXBuildFile; fileRef = "GoodExtensions::GoodReactor::Product" /* GoodReactor.framework */; };
		OBJ_265 /* GoodExtensions.framework in Frameworks */ = {isa = PBXBuildFile; fileRef = "GoodExtensions::GoodExtensions::Product" /* GoodExtensions.framework */; };
		OBJ_266 /* GoodCache.framework in Frameworks */ = {isa = PBXBuildFile; fileRef = "GoodExtensions::GoodCache::Product" /* GoodCache.framework */; };
		OBJ_267 /* GoodCombineExtensions.framework in Frameworks */ = {isa = PBXBuildFile; fileRef = "GoodExtensions::GoodCombineExtensions::Product" /* GoodCombineExtensions.framework */; };
		OBJ_268 /* CombineExt.framework in Frameworks */ = {isa = PBXBuildFile; fileRef = "CombineExt::CombineExt::Product" /* CombineExt.framework */; };
		OBJ_269 /* GRCompatible.framework in Frameworks */ = {isa = PBXBuildFile; fileRef = "GoodExtensions::GRCompatible::Product" /* GRCompatible.framework */; };
		OBJ_270 /* GoodStructs.framework in Frameworks */ = {isa = PBXBuildFile; fileRef = "GoodExtensions::GoodStructs::Product" /* GoodStructs.framework */; };
/* End PBXBuildFile section */

/* Begin PBXContainerItemProxy section */
		B1D953542673937400EE30CE /* PBXContainerItemProxy */ = {
			isa = PBXContainerItemProxy;
			containerPortal = OBJ_1 /* Project object */;
			proxyType = 1;
			remoteGlobalIDString = "GoodExtensions::GoodReactor";
			remoteInfo = GoodReactor;
		};
		B1D953552673937400EE30CE /* PBXContainerItemProxy */ = {
			isa = PBXContainerItemProxy;
			containerPortal = OBJ_1 /* Project object */;
			proxyType = 1;
			remoteGlobalIDString = "CombineExt::CombineExt";
			remoteInfo = CombineExt;
		};
		B1D953562673937400EE30CE /* PBXContainerItemProxy */ = {
			isa = PBXContainerItemProxy;
			containerPortal = OBJ_1 /* Project object */;
			proxyType = 1;
			remoteGlobalIDString = "GoodExtensions::GoodExtensions";
			remoteInfo = GoodExtensions;
		};
		B1D953572673937400EE30CE /* PBXContainerItemProxy */ = {
			isa = PBXContainerItemProxy;
			containerPortal = OBJ_1 /* Project object */;
			proxyType = 1;
			remoteGlobalIDString = "GoodExtensions::GRCompatible";
			remoteInfo = GRCompatible;
		};
		B1D953582673937400EE30CE /* PBXContainerItemProxy */ = {
			isa = PBXContainerItemProxy;
			containerPortal = OBJ_1 /* Project object */;
			proxyType = 1;
			remoteGlobalIDString = "GoodExtensions::GoodCache";
			remoteInfo = GoodCache;
		};
		B1D953592673937400EE30CE /* PBXContainerItemProxy */ = {
			isa = PBXContainerItemProxy;
			containerPortal = OBJ_1 /* Project object */;
			proxyType = 1;
			remoteGlobalIDString = "CombineExt::CombineExt";
			remoteInfo = CombineExt;
		};
		B1D9535A2673937400EE30CE /* PBXContainerItemProxy */ = {
			isa = PBXContainerItemProxy;
			containerPortal = OBJ_1 /* Project object */;
			proxyType = 1;
			remoteGlobalIDString = "GoodExtensions::GRCompatible";
			remoteInfo = GRCompatible;
		};
		B1D9535B2673937400EE30CE /* PBXContainerItemProxy */ = {
			isa = PBXContainerItemProxy;
			containerPortal = OBJ_1 /* Project object */;
			proxyType = 1;
			remoteGlobalIDString = "GoodExtensions::GoodCombineExtensions";
			remoteInfo = GoodCombineExtensions;
		};
		B1D9535C2673937400EE30CE /* PBXContainerItemProxy */ = {
			isa = PBXContainerItemProxy;
			containerPortal = OBJ_1 /* Project object */;
			proxyType = 1;
			remoteGlobalIDString = "CombineExt::CombineExt";
			remoteInfo = CombineExt;
		};
		B1D9535D2673937400EE30CE /* PBXContainerItemProxy */ = {
			isa = PBXContainerItemProxy;
			containerPortal = OBJ_1 /* Project object */;
			proxyType = 1;
			remoteGlobalIDString = "GoodExtensions::GRCompatible";
			remoteInfo = GRCompatible;
		};
		B1D9535E2673937400EE30CE /* PBXContainerItemProxy */ = {
			isa = PBXContainerItemProxy;
			containerPortal = OBJ_1 /* Project object */;
			proxyType = 1;
			remoteGlobalIDString = "CombineExt::CombineExt";
			remoteInfo = CombineExt;
		};
		B1D9535F2673937400EE30CE /* PBXContainerItemProxy */ = {
			isa = PBXContainerItemProxy;
			containerPortal = OBJ_1 /* Project object */;
			proxyType = 1;
			remoteGlobalIDString = "GoodExtensions::GRCompatible";
			remoteInfo = GRCompatible;
		};
		B1D953602673937400EE30CE /* PBXContainerItemProxy */ = {
			isa = PBXContainerItemProxy;
			containerPortal = OBJ_1 /* Project object */;
			proxyType = 1;
			remoteGlobalIDString = "GoodExtensions::GoodStructs";
			remoteInfo = GoodStructs;
		};
		B1D953612673937400EE30CE /* PBXContainerItemProxy */ = {
			isa = PBXContainerItemProxy;
			containerPortal = OBJ_1 /* Project object */;
			proxyType = 1;
			remoteGlobalIDString = "GoodExtensions::GoodExtensions";
			remoteInfo = GoodExtensions;
		};
		B1D953622673937400EE30CE /* PBXContainerItemProxy */ = {
			isa = PBXContainerItemProxy;
			containerPortal = OBJ_1 /* Project object */;
			proxyType = 1;
			remoteGlobalIDString = "GoodExtensions::GRCompatible";
			remoteInfo = GRCompatible;
		};
		B1D9536A2673937600EE30CE /* PBXContainerItemProxy */ = {
			isa = PBXContainerItemProxy;
			containerPortal = OBJ_1 /* Project object */;
			proxyType = 1;
			remoteGlobalIDString = "GoodExtensions::GoodExtensionsTests";
			remoteInfo = GoodExtensionsTests;
		};
/* End PBXContainerItemProxy section */

/* Begin PBXFileReference section */
		B18F133E2677479D00F7FF17 /* Date.swift */ = {isa = PBXFileReference; fileEncoding = 4; lastKnownFileType = sourcecode.swift; path = Date.swift; sourceTree = "<group>"; };
		B18F133F2677479E00F7FF17 /* UIRefreshControl.swift */ = {isa = PBXFileReference; fileEncoding = 4; lastKnownFileType = sourcecode.swift; path = UIRefreshControl.swift; sourceTree = "<group>"; };
		B18F13402677479E00F7FF17 /* UIScrollView.swift */ = {isa = PBXFileReference; fileEncoding = 4; lastKnownFileType = sourcecode.swift; path = UIScrollView.swift; sourceTree = "<group>"; };
		BAF111E326D7B1AB00D16E9F /* UIBarButtonPublisher.swift */ = {isa = PBXFileReference; lastKnownFileType = sourcecode.swift; path = UIBarButtonPublisher.swift; sourceTree = "<group>"; };
		BAF111E526D7B1C200D16E9F /* UIBarButtonSubscriber.swift */ = {isa = PBXFileReference; lastKnownFileType = sourcecode.swift; path = UIBarButtonSubscriber.swift; sourceTree = "<group>"; };
		"CombineExt::CombineExt::Product" /* CombineExt.framework */ = {isa = PBXFileReference; lastKnownFileType = wrapper.framework; path = CombineExt.framework; sourceTree = BUILT_PRODUCTS_DIR; };
		"GoodExtensions::GRCompatible::Product" /* GRCompatible.framework */ = {isa = PBXFileReference; lastKnownFileType = wrapper.framework; path = GRCompatible.framework; sourceTree = BUILT_PRODUCTS_DIR; };
		"GoodExtensions::GoodCache::Product" /* GoodCache.framework */ = {isa = PBXFileReference; lastKnownFileType = wrapper.framework; path = GoodCache.framework; sourceTree = BUILT_PRODUCTS_DIR; };
		"GoodExtensions::GoodCombineExtensions::Product" /* GoodCombineExtensions.framework */ = {isa = PBXFileReference; lastKnownFileType = wrapper.framework; path = GoodCombineExtensions.framework; sourceTree = BUILT_PRODUCTS_DIR; };
		"GoodExtensions::GoodExtensions::Product" /* GoodExtensions.framework */ = {isa = PBXFileReference; lastKnownFileType = wrapper.framework; path = GoodExtensions.framework; sourceTree = BUILT_PRODUCTS_DIR; };
		"GoodExtensions::GoodExtensionsTests::Product" /* GoodExtensionsTests.xctest */ = {isa = PBXFileReference; lastKnownFileType = file; path = GoodExtensionsTests.xctest; sourceTree = BUILT_PRODUCTS_DIR; };
		"GoodExtensions::GoodReactor::Product" /* GoodReactor.framework */ = {isa = PBXFileReference; lastKnownFileType = wrapper.framework; path = GoodReactor.framework; sourceTree = BUILT_PRODUCTS_DIR; };
		"GoodExtensions::GoodStructs::Product" /* GoodStructs.framework */ = {isa = PBXFileReference; lastKnownFileType = wrapper.framework; path = GoodStructs.framework; sourceTree = BUILT_PRODUCTS_DIR; };
		"GoodExtensions::Sample::Product" /* Sample.framework */ = {isa = PBXFileReference; explicitFileType = wrapper.framework; path = Sample.framework; sourceTree = BUILT_PRODUCTS_DIR; };
		OBJ_106 /* Sample */ = {isa = PBXFileReference; lastKnownFileType = folder; path = Sample; sourceTree = SOURCE_ROOT; };
		OBJ_107 /* README.md */ = {isa = PBXFileReference; lastKnownFileType = net.daringfireball.markdown; path = README.md; sourceTree = "<group>"; };
		OBJ_11 /* KeychainItemAccessibility.swift */ = {isa = PBXFileReference; lastKnownFileType = sourcecode.swift; path = KeychainItemAccessibility.swift; sourceTree = "<group>"; };
		OBJ_12 /* KeychainValue.swift */ = {isa = PBXFileReference; lastKnownFileType = sourcecode.swift; path = KeychainValue.swift; sourceTree = "<group>"; };
		OBJ_13 /* KeychainWrapper.swift */ = {isa = PBXFileReference; lastKnownFileType = sourcecode.swift; path = KeychainWrapper.swift; sourceTree = "<group>"; };
		OBJ_14 /* UserDefaultsWrapper.swift */ = {isa = PBXFileReference; lastKnownFileType = sourcecode.swift; path = UserDefaultsWrapper.swift; sourceTree = "<group>"; };
		OBJ_16 /* GesturePublisher.swift */ = {isa = PBXFileReference; lastKnownFileType = sourcecode.swift; path = GesturePublisher.swift; sourceTree = "<group>"; };
		OBJ_17 /* GestureSubscriber.swift */ = {isa = PBXFileReference; lastKnownFileType = sourcecode.swift; path = GestureSubscriber.swift; sourceTree = "<group>"; };
		OBJ_18 /* Nwise.swift */ = {isa = PBXFileReference; lastKnownFileType = sourcecode.swift; path = Nwise.swift; sourceTree = "<group>"; };
		OBJ_19 /* Publishers.swift */ = {isa = PBXFileReference; lastKnownFileType = sourcecode.swift; path = Publishers.swift; sourceTree = "<group>"; };
		OBJ_20 /* UIControlPublisher.swift */ = {isa = PBXFileReference; lastKnownFileType = sourcecode.swift; path = UIControlPublisher.swift; sourceTree = "<group>"; };
		OBJ_21 /* UIControlSubscriber.swift */ = {isa = PBXFileReference; lastKnownFileType = sourcecode.swift; path = UIControlSubscriber.swift; sourceTree = "<group>"; };
		OBJ_23 /* Array.swift */ = {isa = PBXFileReference; lastKnownFileType = sourcecode.swift; path = Array.swift; sourceTree = "<group>"; };
		OBJ_24 /* CGAffineTransform.swift */ = {isa = PBXFileReference; lastKnownFileType = sourcecode.swift; path = CGAffineTransform.swift; sourceTree = "<group>"; };
		OBJ_25 /* Data.swift */ = {isa = PBXFileReference; lastKnownFileType = sourcecode.swift; path = Data.swift; sourceTree = "<group>"; };
		OBJ_26 /* GoodSwift.swift */ = {isa = PBXFileReference; lastKnownFileType = sourcecode.swift; path = GoodSwift.swift; sourceTree = "<group>"; };
		OBJ_27 /* Instantiable.swift */ = {isa = PBXFileReference; lastKnownFileType = sourcecode.swift; path = Instantiable.swift; sourceTree = "<group>"; };
		OBJ_28 /* MKMultiPoint.swift */ = {isa = PBXFileReference; lastKnownFileType = sourcecode.swift; path = MKMultiPoint.swift; sourceTree = "<group>"; };
		OBJ_29 /* NSAttributedString.swift */ = {isa = PBXFileReference; lastKnownFileType = sourcecode.swift; path = NSAttributedString.swift; sourceTree = "<group>"; };
		OBJ_30 /* NSCollectionLayoutGroup.swift */ = {isa = PBXFileReference; lastKnownFileType = sourcecode.swift; path = NSCollectionLayoutGroup.swift; sourceTree = "<group>"; };
		OBJ_31 /* NameDescribable.swift */ = {isa = PBXFileReference; lastKnownFileType = sourcecode.swift; path = NameDescribable.swift; sourceTree = "<group>"; };
		OBJ_32 /* SFSafariViewController.swift */ = {isa = PBXFileReference; lastKnownFileType = sourcecode.swift; path = SFSafariViewController.swift; sourceTree = "<group>"; };
		OBJ_33 /* String.swift */ = {isa = PBXFileReference; lastKnownFileType = sourcecode.swift; path = String.swift; sourceTree = "<group>"; };
		OBJ_34 /* UIAlertController.swift */ = {isa = PBXFileReference; lastKnownFileType = sourcecode.swift; path = UIAlertController.swift; sourceTree = "<group>"; };
		OBJ_35 /* UIApplication.swift */ = {isa = PBXFileReference; lastKnownFileType = sourcecode.swift; path = UIApplication.swift; sourceTree = "<group>"; };
		OBJ_36 /* UICollectionViewCell.swift */ = {isa = PBXFileReference; lastKnownFileType = sourcecode.swift; path = UICollectionViewCell.swift; sourceTree = "<group>"; };
		OBJ_37 /* UIColor.swift */ = {isa = PBXFileReference; lastKnownFileType = sourcecode.swift; path = UIColor.swift; sourceTree = "<group>"; };
		OBJ_38 /* UIDatePicker.swift */ = {isa = PBXFileReference; lastKnownFileType = sourcecode.swift; path = UIDatePicker.swift; sourceTree = "<group>"; };
		OBJ_39 /* UIDevice.swift */ = {isa = PBXFileReference; lastKnownFileType = sourcecode.swift; path = UIDevice.swift; sourceTree = "<group>"; };
		OBJ_41 /* UILabel.swift */ = {isa = PBXFileReference; lastKnownFileType = sourcecode.swift; path = UILabel.swift; sourceTree = "<group>"; };
		OBJ_42 /* UINavigationController.swift */ = {isa = PBXFileReference; lastKnownFileType = sourcecode.swift; path = UINavigationController.swift; sourceTree = "<group>"; };
		OBJ_43 /* UIView.swift */ = {isa = PBXFileReference; lastKnownFileType = sourcecode.swift; path = UIView.swift; sourceTree = "<group>"; };
		OBJ_44 /* URL.swift */ = {isa = PBXFileReference; lastKnownFileType = sourcecode.swift; path = URL.swift; sourceTree = "<group>"; };
		OBJ_45 /* ViewControllerExtension.swift */ = {isa = PBXFileReference; lastKnownFileType = sourcecode.swift; path = ViewControllerExtension.swift; sourceTree = "<group>"; };
		OBJ_47 /* GoodReactor.swift */ = {isa = PBXFileReference; lastKnownFileType = sourcecode.swift; path = GoodReactor.swift; sourceTree = "<group>"; };
		OBJ_48 /* WeakMapTable.swift */ = {isa = PBXFileReference; lastKnownFileType = sourcecode.swift; path = WeakMapTable.swift; sourceTree = "<group>"; };
		OBJ_50 /* Either&Result.swift */ = {isa = PBXFileReference; lastKnownFileType = sourcecode.swift; path = "Either&Result.swift"; sourceTree = "<group>"; };
		OBJ_51 /* Nothing.swift */ = {isa = PBXFileReference; lastKnownFileType = sourcecode.swift; path = Nothing.swift; sourceTree = "<group>"; };
		OBJ_52 /* Then.swift */ = {isa = PBXFileReference; lastKnownFileType = sourcecode.swift; path = Then.swift; sourceTree = "<group>"; };
		OBJ_6 /* Package.swift */ = {isa = PBXFileReference; explicitFileType = sourcecode.swift; path = Package.swift; sourceTree = "<group>"; };
		OBJ_60 /* GoodExtensionsTests.swift */ = {isa = PBXFileReference; lastKnownFileType = sourcecode.swift; path = GoodExtensionsTests.swift; sourceTree = "<group>"; };
		OBJ_61 /* XCTestManifests.swift */ = {isa = PBXFileReference; lastKnownFileType = sourcecode.swift; path = XCTestManifests.swift; sourceTree = "<group>"; };
		OBJ_64 /* Package.swift */ = {isa = PBXFileReference; explicitFileType = sourcecode.swift; name = Package.swift; path = /Users/dominikpetho/Documents/Work/GoodExtensions/.build/checkouts/CombineExt/Package.swift; sourceTree = "<group>"; };
		OBJ_66 /* DemandBuffer.swift */ = {isa = PBXFileReference; lastKnownFileType = sourcecode.swift; path = DemandBuffer.swift; sourceTree = "<group>"; };
		OBJ_67 /* Sink.swift */ = {isa = PBXFileReference; lastKnownFileType = sourcecode.swift; path = Sink.swift; sourceTree = "<group>"; };
		OBJ_69 /* Optional.swift */ = {isa = PBXFileReference; lastKnownFileType = sourcecode.swift; path = Optional.swift; sourceTree = "<group>"; };
		OBJ_71 /* Event.swift */ = {isa = PBXFileReference; lastKnownFileType = sourcecode.swift; path = Event.swift; sourceTree = "<group>"; };
		OBJ_72 /* ObjectOwnership.swift */ = {isa = PBXFileReference; lastKnownFileType = sourcecode.swift; path = ObjectOwnership.swift; sourceTree = "<group>"; };
		OBJ_74 /* Amb.swift */ = {isa = PBXFileReference; lastKnownFileType = sourcecode.swift; path = Amb.swift; sourceTree = "<group>"; };
		OBJ_75 /* AssignOwnership.swift */ = {isa = PBXFileReference; lastKnownFileType = sourcecode.swift; path = AssignOwnership.swift; sourceTree = "<group>"; };
		OBJ_76 /* AssignToMany.swift */ = {isa = PBXFileReference; lastKnownFileType = sourcecode.swift; path = AssignToMany.swift; sourceTree = "<group>"; };
		OBJ_77 /* CombineLatestMany.swift */ = {isa = PBXFileReference; lastKnownFileType = sourcecode.swift; path = CombineLatestMany.swift; sourceTree = "<group>"; };
		OBJ_78 /* Create.swift */ = {isa = PBXFileReference; lastKnownFileType = sourcecode.swift; path = Create.swift; sourceTree = "<group>"; };
		OBJ_79 /* Dematerialize.swift */ = {isa = PBXFileReference; lastKnownFileType = sourcecode.swift; path = Dematerialize.swift; sourceTree = "<group>"; };
		OBJ_80 /* FlatMapLatest.swift */ = {isa = PBXFileReference; lastKnownFileType = sourcecode.swift; path = FlatMapLatest.swift; sourceTree = "<group>"; };
		OBJ_81 /* MapMany.swift */ = {isa = PBXFileReference; lastKnownFileType = sourcecode.swift; path = MapMany.swift; sourceTree = "<group>"; };
		OBJ_82 /* Materialize.swift */ = {isa = PBXFileReference; lastKnownFileType = sourcecode.swift; path = Materialize.swift; sourceTree = "<group>"; };
		OBJ_83 /* Partition.swift */ = {isa = PBXFileReference; lastKnownFileType = sourcecode.swift; path = Partition.swift; sourceTree = "<group>"; };
		OBJ_84 /* PrefixDuration.swift */ = {isa = PBXFileReference; lastKnownFileType = sourcecode.swift; path = PrefixDuration.swift; sourceTree = "<group>"; };
		OBJ_85 /* RemoveAllDuplicates.swift */ = {isa = PBXFileReference; lastKnownFileType = sourcecode.swift; path = RemoveAllDuplicates.swift; sourceTree = "<group>"; };
		OBJ_86 /* SetOutputType.swift */ = {isa = PBXFileReference; lastKnownFileType = sourcecode.swift; path = SetOutputType.swift; sourceTree = "<group>"; };
		OBJ_87 /* ShareReplay.swift */ = {isa = PBXFileReference; lastKnownFileType = sourcecode.swift; path = ShareReplay.swift; sourceTree = "<group>"; };
		OBJ_88 /* WithLatestFrom.swift */ = {isa = PBXFileReference; lastKnownFileType = sourcecode.swift; path = WithLatestFrom.swift; sourceTree = "<group>"; };
		OBJ_89 /* ZipMany.swift */ = {isa = PBXFileReference; lastKnownFileType = sourcecode.swift; path = ZipMany.swift; sourceTree = "<group>"; };
		OBJ_9 /* GRCompatible.swift */ = {isa = PBXFileReference; lastKnownFileType = sourcecode.swift; path = GRCompatible.swift; sourceTree = "<group>"; };
		OBJ_91 /* CurrentValueRelay.swift */ = {isa = PBXFileReference; lastKnownFileType = sourcecode.swift; path = CurrentValueRelay.swift; sourceTree = "<group>"; };
		OBJ_92 /* PassthroughRelay.swift */ = {isa = PBXFileReference; lastKnownFileType = sourcecode.swift; path = PassthroughRelay.swift; sourceTree = "<group>"; };
		OBJ_93 /* Relay.swift */ = {isa = PBXFileReference; lastKnownFileType = sourcecode.swift; path = Relay.swift; sourceTree = "<group>"; };
		OBJ_95 /* ReplaySubject.swift */ = {isa = PBXFileReference; lastKnownFileType = sourcecode.swift; path = ReplaySubject.swift; sourceTree = "<group>"; };
/* End PBXFileReference section */

/* Begin PBXFrameworksBuildPhase section */
		OBJ_138 /* Frameworks */ = {
			isa = PBXFrameworksBuildPhase;
			buildActionMask = 0;
			files = (
			);
			runOnlyForDeploymentPostprocessing = 0;
		};
		OBJ_151 /* Frameworks */ = {
			isa = PBXFrameworksBuildPhase;
			buildActionMask = 0;
			files = (
			);
			runOnlyForDeploymentPostprocessing = 0;
		};
		OBJ_161 /* Frameworks */ = {
			isa = PBXFrameworksBuildPhase;
			buildActionMask = 0;
			files = (
				OBJ_162 /* CombineExt.framework in Frameworks */,
				OBJ_163 /* GRCompatible.framework in Frameworks */,
			);
			runOnlyForDeploymentPostprocessing = 0;
		};
		OBJ_177 /* Frameworks */ = {
			isa = PBXFrameworksBuildPhase;
			buildActionMask = 0;
			files = (
				OBJ_178 /* CombineExt.framework in Frameworks */,
				OBJ_179 /* GRCompatible.framework in Frameworks */,
			);
			runOnlyForDeploymentPostprocessing = 0;
		};
		OBJ_210 /* Frameworks */ = {
			isa = PBXFrameworksBuildPhase;
			buildActionMask = 0;
			files = (
				OBJ_211 /* GRCompatible.framework in Frameworks */,
			);
			runOnlyForDeploymentPostprocessing = 0;
		};
		OBJ_231 /* Frameworks */ = {
			isa = PBXFrameworksBuildPhase;
			buildActionMask = 0;
			files = (
				OBJ_232 /* GoodExtensions.framework in Frameworks */,
				OBJ_233 /* GRCompatible.framework in Frameworks */,
			);
			runOnlyForDeploymentPostprocessing = 0;
		};
		OBJ_243 /* Frameworks */ = {
			isa = PBXFrameworksBuildPhase;
			buildActionMask = 0;
			files = (
				OBJ_244 /* CombineExt.framework in Frameworks */,
			);
			runOnlyForDeploymentPostprocessing = 0;
		};
		OBJ_254 /* Frameworks */ = {
			isa = PBXFrameworksBuildPhase;
			buildActionMask = 0;
			files = (
			);
			runOnlyForDeploymentPostprocessing = 0;
		};
		OBJ_263 /* Frameworks */ = {
			isa = PBXFrameworksBuildPhase;
			buildActionMask = 0;
			files = (
				OBJ_264 /* GoodReactor.framework in Frameworks */,
				OBJ_265 /* GoodExtensions.framework in Frameworks */,
				OBJ_266 /* GoodCache.framework in Frameworks */,
				OBJ_267 /* GoodCombineExtensions.framework in Frameworks */,
				OBJ_268 /* CombineExt.framework in Frameworks */,
				OBJ_269 /* GRCompatible.framework in Frameworks */,
				OBJ_270 /* GoodStructs.framework in Frameworks */,
			);
			runOnlyForDeploymentPostprocessing = 0;
		};
/* End PBXFrameworksBuildPhase section */

/* Begin PBXGroup section */
		OBJ_10 /* GoodCache */ = {
			isa = PBXGroup;
			children = (
				OBJ_11 /* KeychainItemAccessibility.swift */,
				OBJ_12 /* KeychainValue.swift */,
				OBJ_13 /* KeychainWrapper.swift */,
				OBJ_14 /* UserDefaultsWrapper.swift */,
			);
			name = GoodCache;
			path = Sources/GoodCache;
			sourceTree = SOURCE_ROOT;
		};
		OBJ_15 /* GoodCombineExtensions */ = {
			isa = PBXGroup;
			children = (
				OBJ_16 /* GesturePublisher.swift */,
				OBJ_17 /* GestureSubscriber.swift */,
				OBJ_18 /* Nwise.swift */,
				OBJ_19 /* Publishers.swift */,
				OBJ_20 /* UIControlPublisher.swift */,
				OBJ_21 /* UIControlSubscriber.swift */,
				BAF111E326D7B1AB00D16E9F /* UIBarButtonPublisher.swift */,
				BAF111E526D7B1C200D16E9F /* UIBarButtonSubscriber.swift */,
			);
			name = GoodCombineExtensions;
			path = Sources/GoodCombineExtensions;
			sourceTree = SOURCE_ROOT;
		};
		OBJ_22 /* GoodExtensions */ = {
			isa = PBXGroup;
			children = (
				B18F133E2677479D00F7FF17 /* Date.swift */,
				B18F133F2677479E00F7FF17 /* UIRefreshControl.swift */,
				B18F13402677479E00F7FF17 /* UIScrollView.swift */,
				OBJ_23 /* Array.swift */,
				OBJ_24 /* CGAffineTransform.swift */,
				OBJ_25 /* Data.swift */,
				OBJ_26 /* GoodSwift.swift */,
				OBJ_27 /* Instantiable.swift */,
				OBJ_28 /* MKMultiPoint.swift */,
				OBJ_29 /* NSAttributedString.swift */,
				OBJ_30 /* NSCollectionLayoutGroup.swift */,
				OBJ_31 /* NameDescribable.swift */,
				OBJ_32 /* SFSafariViewController.swift */,
				OBJ_33 /* String.swift */,
				OBJ_34 /* UIAlertController.swift */,
				OBJ_35 /* UIApplication.swift */,
				OBJ_36 /* UICollectionViewCell.swift */,
				OBJ_37 /* UIColor.swift */,
				OBJ_38 /* UIDatePicker.swift */,
				OBJ_39 /* UIDevice.swift */,
				OBJ_41 /* UILabel.swift */,
				OBJ_42 /* UINavigationController.swift */,
				OBJ_43 /* UIView.swift */,
				OBJ_44 /* URL.swift */,
				OBJ_45 /* ViewControllerExtension.swift */,
			);
			name = GoodExtensions;
			path = Sources/GoodExtensions;
			sourceTree = SOURCE_ROOT;
		};
		OBJ_46 /* GoodReactor */ = {
			isa = PBXGroup;
			children = (
				OBJ_47 /* GoodReactor.swift */,
				OBJ_48 /* WeakMapTable.swift */,
			);
			name = GoodReactor;
			path = Sources/GoodReactor;
			sourceTree = SOURCE_ROOT;
		};
		OBJ_49 /* GoodStructs */ = {
			isa = PBXGroup;
			children = (
				OBJ_50 /* Either&Result.swift */,
				OBJ_51 /* Nothing.swift */,
				OBJ_52 /* Then.swift */,
			);
			name = GoodStructs;
			path = Sources/GoodStructs;
			sourceTree = SOURCE_ROOT;
		};
		OBJ_5 = {
			isa = PBXGroup;
			children = (
				OBJ_6 /* Package.swift */,
				OBJ_7 /* Sources */,
				OBJ_58 /* Tests */,
				OBJ_62 /* Dependencies */,
				OBJ_96 /* Products */,
				OBJ_106 /* Sample */,
				OBJ_107 /* README.md */,
			);
			sourceTree = "<group>";
		};
		OBJ_58 /* Tests */ = {
			isa = PBXGroup;
			children = (
				OBJ_59 /* GoodExtensionsTests */,
			);
			name = Tests;
			sourceTree = SOURCE_ROOT;
		};
		OBJ_59 /* GoodExtensionsTests */ = {
			isa = PBXGroup;
			children = (
				OBJ_60 /* GoodExtensionsTests.swift */,
				OBJ_61 /* XCTestManifests.swift */,
			);
			name = GoodExtensionsTests;
			path = Tests/GoodExtensionsTests;
			sourceTree = SOURCE_ROOT;
		};
		OBJ_62 /* Dependencies */ = {
			isa = PBXGroup;
			children = (
				OBJ_63 /* CombineExt 1.2.0 */,
			);
			name = Dependencies;
			sourceTree = "<group>";
		};
		OBJ_63 /* CombineExt 1.2.0 */ = {
			isa = PBXGroup;
			children = (
				OBJ_64 /* Package.swift */,
				OBJ_65 /* Common */,
				OBJ_68 /* Convenience */,
				OBJ_70 /* Models */,
				OBJ_73 /* Operators */,
				OBJ_90 /* Relays */,
				OBJ_94 /* Subjects */,
			);
			name = "CombineExt 1.2.0";
			path = .build/checkouts/CombineExt/Sources;
			sourceTree = SOURCE_ROOT;
		};
		OBJ_65 /* Common */ = {
			isa = PBXGroup;
			children = (
				OBJ_66 /* DemandBuffer.swift */,
				OBJ_67 /* Sink.swift */,
			);
			path = Common;
			sourceTree = "<group>";
		};
		OBJ_68 /* Convenience */ = {
			isa = PBXGroup;
			children = (
				OBJ_69 /* Optional.swift */,
			);
			path = Convenience;
			sourceTree = "<group>";
		};
		OBJ_7 /* Sources */ = {
			isa = PBXGroup;
			children = (
				OBJ_8 /* GRCompatible */,
				OBJ_10 /* GoodCache */,
				OBJ_15 /* GoodCombineExtensions */,
				OBJ_22 /* GoodExtensions */,
				OBJ_46 /* GoodReactor */,
				OBJ_49 /* GoodStructs */,
			);
			name = Sources;
			sourceTree = SOURCE_ROOT;
		};
		OBJ_70 /* Models */ = {
			isa = PBXGroup;
			children = (
				OBJ_71 /* Event.swift */,
				OBJ_72 /* ObjectOwnership.swift */,
			);
			path = Models;
			sourceTree = "<group>";
		};
		OBJ_73 /* Operators */ = {
			isa = PBXGroup;
			children = (
				OBJ_74 /* Amb.swift */,
				OBJ_75 /* AssignOwnership.swift */,
				OBJ_76 /* AssignToMany.swift */,
				OBJ_77 /* CombineLatestMany.swift */,
				OBJ_78 /* Create.swift */,
				OBJ_79 /* Dematerialize.swift */,
				OBJ_80 /* FlatMapLatest.swift */,
				OBJ_81 /* MapMany.swift */,
				OBJ_82 /* Materialize.swift */,
				OBJ_83 /* Partition.swift */,
				OBJ_84 /* PrefixDuration.swift */,
				OBJ_85 /* RemoveAllDuplicates.swift */,
				OBJ_86 /* SetOutputType.swift */,
				OBJ_87 /* ShareReplay.swift */,
				OBJ_88 /* WithLatestFrom.swift */,
				OBJ_89 /* ZipMany.swift */,
			);
			path = Operators;
			sourceTree = "<group>";
		};
		OBJ_8 /* GRCompatible */ = {
			isa = PBXGroup;
			children = (
				OBJ_9 /* GRCompatible.swift */,
			);
			name = GRCompatible;
			path = Sources/GRCompatible;
			sourceTree = SOURCE_ROOT;
		};
		OBJ_90 /* Relays */ = {
			isa = PBXGroup;
			children = (
				OBJ_91 /* CurrentValueRelay.swift */,
				OBJ_92 /* PassthroughRelay.swift */,
				OBJ_93 /* Relay.swift */,
			);
			path = Relays;
			sourceTree = "<group>";
		};
		OBJ_94 /* Subjects */ = {
			isa = PBXGroup;
			children = (
				OBJ_95 /* ReplaySubject.swift */,
			);
			path = Subjects;
			sourceTree = "<group>";
		};
		OBJ_96 /* Products */ = {
			isa = PBXGroup;
			children = (
				"GoodExtensions::Sample::Product" /* Sample.framework */,
				"GoodExtensions::GoodCache::Product" /* GoodCache.framework */,
				"GoodExtensions::GoodReactor::Product" /* GoodReactor.framework */,
				"GoodExtensions::GRCompatible::Product" /* GRCompatible.framework */,
				"GoodExtensions::GoodCombineExtensions::Product" /* GoodCombineExtensions.framework */,
				"CombineExt::CombineExt::Product" /* CombineExt.framework */,
				"GoodExtensions::GoodStructs::Product" /* GoodStructs.framework */,
				"GoodExtensions::GoodExtensions::Product" /* GoodExtensions.framework */,
				"GoodExtensions::GoodExtensionsTests::Product" /* GoodExtensionsTests.xctest */,
			);
			name = Products;
			sourceTree = BUILT_PRODUCTS_DIR;
		};
/* End PBXGroup section */

/* Begin PBXNativeTarget section */
		"CombineExt::CombineExt" /* CombineExt */ = {
			isa = PBXNativeTarget;
			buildConfigurationList = OBJ_109 /* Build configuration list for PBXNativeTarget "CombineExt" */;
			buildPhases = (
				OBJ_112 /* Sources */,
				OBJ_138 /* Frameworks */,
			);
			buildRules = (
			);
			dependencies = (
			);
			name = CombineExt;
			productName = CombineExt;
			productReference = "CombineExt::CombineExt::Product" /* CombineExt.framework */;
			productType = "com.apple.product-type.framework";
		};
		"CombineExt::SwiftPMPackageDescription" /* CombineExtPackageDescription */ = {
			isa = PBXNativeTarget;
			buildConfigurationList = OBJ_140 /* Build configuration list for PBXNativeTarget "CombineExtPackageDescription" */;
			buildPhases = (
				OBJ_143 /* Sources */,
			);
			buildRules = (
			);
			dependencies = (
			);
			name = CombineExtPackageDescription;
			productName = CombineExtPackageDescription;
			productType = "com.apple.product-type.framework";
		};
		"GoodExtensions::GRCompatible" /* GRCompatible */ = {
			isa = PBXNativeTarget;
			buildConfigurationList = OBJ_146 /* Build configuration list for PBXNativeTarget "GRCompatible" */;
			buildPhases = (
				OBJ_149 /* Sources */,
				OBJ_151 /* Frameworks */,
			);
			buildRules = (
			);
			dependencies = (
			);
			name = GRCompatible;
			productName = GRCompatible;
			productReference = "GoodExtensions::GRCompatible::Product" /* GRCompatible.framework */;
			productType = "com.apple.product-type.framework";
		};
		"GoodExtensions::GoodCache" /* GoodCache */ = {
			isa = PBXNativeTarget;
			buildConfigurationList = OBJ_153 /* Build configuration list for PBXNativeTarget "GoodCache" */;
			buildPhases = (
				OBJ_156 /* Sources */,
				OBJ_161 /* Frameworks */,
			);
			buildRules = (
			);
			dependencies = (
				OBJ_164 /* PBXTargetDependency */,
				OBJ_165 /* PBXTargetDependency */,
			);
			name = GoodCache;
			productName = GoodCache;
			productReference = "GoodExtensions::GoodCache::Product" /* GoodCache.framework */;
			productType = "com.apple.product-type.framework";
		};
		"GoodExtensions::GoodCombineExtensions" /* GoodCombineExtensions */ = {
			isa = PBXNativeTarget;
			buildConfigurationList = OBJ_167 /* Build configuration list for PBXNativeTarget "GoodCombineExtensions" */;
			buildPhases = (
				OBJ_170 /* Sources */,
				OBJ_177 /* Frameworks */,
			);
			buildRules = (
			);
			dependencies = (
				OBJ_180 /* PBXTargetDependency */,
				OBJ_181 /* PBXTargetDependency */,
			);
			name = GoodCombineExtensions;
			productName = GoodCombineExtensions;
			productReference = "GoodExtensions::GoodCombineExtensions::Product" /* GoodCombineExtensions.framework */;
			productType = "com.apple.product-type.framework";
		};
		"GoodExtensions::GoodExtensions" /* GoodExtensions */ = {
			isa = PBXNativeTarget;
			buildConfigurationList = OBJ_183 /* Build configuration list for PBXNativeTarget "GoodExtensions" */;
			buildPhases = (
				OBJ_186 /* Sources */,
				OBJ_210 /* Frameworks */,
			);
			buildRules = (
			);
			dependencies = (
				OBJ_212 /* PBXTargetDependency */,
			);
			name = GoodExtensions;
			productName = GoodExtensions;
			productReference = "GoodExtensions::GoodExtensions::Product" /* GoodExtensions.framework */;
			productType = "com.apple.product-type.framework";
		};
		"GoodExtensions::GoodExtensionsTests" /* GoodExtensionsTests */ = {
			isa = PBXNativeTarget;
			buildConfigurationList = OBJ_225 /* Build configuration list for PBXNativeTarget "GoodExtensionsTests" */;
			buildPhases = (
				OBJ_228 /* Sources */,
				OBJ_231 /* Frameworks */,
			);
			buildRules = (
			);
			dependencies = (
				OBJ_234 /* PBXTargetDependency */,
				OBJ_235 /* PBXTargetDependency */,
			);
			name = GoodExtensionsTests;
			productName = GoodExtensionsTests;
			productReference = "GoodExtensions::GoodExtensionsTests::Product" /* GoodExtensionsTests.xctest */;
			productType = "com.apple.product-type.bundle.unit-test";
		};
		"GoodExtensions::GoodReactor" /* GoodReactor */ = {
			isa = PBXNativeTarget;
			buildConfigurationList = OBJ_237 /* Build configuration list for PBXNativeTarget "GoodReactor" */;
			buildPhases = (
				OBJ_240 /* Sources */,
				OBJ_243 /* Frameworks */,
			);
			buildRules = (
			);
			dependencies = (
				OBJ_245 /* PBXTargetDependency */,
			);
			name = GoodReactor;
			productName = GoodReactor;
			productReference = "GoodExtensions::GoodReactor::Product" /* GoodReactor.framework */;
			productType = "com.apple.product-type.framework";
		};
		"GoodExtensions::GoodStructs" /* GoodStructs */ = {
			isa = PBXNativeTarget;
			buildConfigurationList = OBJ_247 /* Build configuration list for PBXNativeTarget "GoodStructs" */;
			buildPhases = (
				OBJ_250 /* Sources */,
				OBJ_254 /* Frameworks */,
			);
			buildRules = (
			);
			dependencies = (
			);
			name = GoodStructs;
			productName = GoodStructs;
			productReference = "GoodExtensions::GoodStructs::Product" /* GoodStructs.framework */;
			productType = "com.apple.product-type.framework";
		};
		"GoodExtensions::Sample" /* Sample */ = {
			isa = PBXNativeTarget;
			buildConfigurationList = OBJ_256 /* Build configuration list for PBXNativeTarget "Sample" */;
			buildPhases = (
				OBJ_259 /* Sources */,
				OBJ_263 /* Frameworks */,
			);
			buildRules = (
			);
			dependencies = (
				OBJ_271 /* PBXTargetDependency */,
				OBJ_272 /* PBXTargetDependency */,
				OBJ_273 /* PBXTargetDependency */,
				OBJ_274 /* PBXTargetDependency */,
				OBJ_275 /* PBXTargetDependency */,
				OBJ_276 /* PBXTargetDependency */,
				OBJ_277 /* PBXTargetDependency */,
			);
			name = Sample;
			productName = Sample;
			productReference = "GoodExtensions::Sample::Product" /* Sample.framework */;
			productType = "com.apple.product-type.framework";
		};
		"GoodExtensions::SwiftPMPackageDescription" /* GoodExtensionsPackageDescription */ = {
			isa = PBXNativeTarget;
			buildConfigurationList = OBJ_214 /* Build configuration list for PBXNativeTarget "GoodExtensionsPackageDescription" */;
			buildPhases = (
				OBJ_217 /* Sources */,
			);
			buildRules = (
			);
			dependencies = (
			);
			name = GoodExtensionsPackageDescription;
			productName = GoodExtensionsPackageDescription;
			productType = "com.apple.product-type.framework";
		};
/* End PBXNativeTarget section */

/* Begin PBXProject section */
		OBJ_1 /* Project object */ = {
			isa = PBXProject;
			attributes = {
				LastSwiftMigration = 9999;
				LastUpgradeCheck = 9999;
			};
			buildConfigurationList = OBJ_2 /* Build configuration list for PBXProject "GoodExtensions" */;
			compatibilityVersion = "Xcode 3.2";
			developmentRegion = en;
			hasScannedForEncodings = 0;
			knownRegions = (
				en,
			);
			mainGroup = OBJ_5;
			productRefGroup = OBJ_96 /* Products */;
			projectDirPath = "";
			projectRoot = "";
			targets = (
				"CombineExt::CombineExt" /* CombineExt */,
				"CombineExt::SwiftPMPackageDescription" /* CombineExtPackageDescription */,
				"GoodExtensions::GRCompatible" /* GRCompatible */,
				"GoodExtensions::GoodCache" /* GoodCache */,
				"GoodExtensions::GoodCombineExtensions" /* GoodCombineExtensions */,
				"GoodExtensions::GoodExtensions" /* GoodExtensions */,
				"GoodExtensions::SwiftPMPackageDescription" /* GoodExtensionsPackageDescription */,
				"GoodExtensions::GoodExtensionsPackageTests::ProductTarget" /* GoodExtensionsPackageTests */,
				"GoodExtensions::GoodExtensionsTests" /* GoodExtensionsTests */,
				"GoodExtensions::GoodReactor" /* GoodReactor */,
				"GoodExtensions::GoodStructs" /* GoodStructs */,
				"GoodExtensions::Sample" /* Sample */,
			);
		};
/* End PBXProject section */

/* Begin PBXSourcesBuildPhase section */
		OBJ_112 /* Sources */ = {
			isa = PBXSourcesBuildPhase;
			buildActionMask = 0;
			files = (
				OBJ_113 /* DemandBuffer.swift in Sources */,
				OBJ_114 /* Sink.swift in Sources */,
				OBJ_115 /* Optional.swift in Sources */,
				OBJ_116 /* Event.swift in Sources */,
				OBJ_117 /* ObjectOwnership.swift in Sources */,
				OBJ_118 /* Amb.swift in Sources */,
				OBJ_119 /* AssignOwnership.swift in Sources */,
				OBJ_120 /* AssignToMany.swift in Sources */,
				OBJ_121 /* CombineLatestMany.swift in Sources */,
				OBJ_122 /* Create.swift in Sources */,
				OBJ_123 /* Dematerialize.swift in Sources */,
				OBJ_124 /* FlatMapLatest.swift in Sources */,
				OBJ_125 /* MapMany.swift in Sources */,
				OBJ_126 /* Materialize.swift in Sources */,
				OBJ_127 /* Partition.swift in Sources */,
				OBJ_128 /* PrefixDuration.swift in Sources */,
				OBJ_129 /* RemoveAllDuplicates.swift in Sources */,
				OBJ_130 /* SetOutputType.swift in Sources */,
				OBJ_131 /* ShareReplay.swift in Sources */,
				OBJ_132 /* WithLatestFrom.swift in Sources */,
				OBJ_133 /* ZipMany.swift in Sources */,
				OBJ_134 /* CurrentValueRelay.swift in Sources */,
				OBJ_135 /* PassthroughRelay.swift in Sources */,
				OBJ_136 /* Relay.swift in Sources */,
				OBJ_137 /* ReplaySubject.swift in Sources */,
			);
			runOnlyForDeploymentPostprocessing = 0;
		};
		OBJ_143 /* Sources */ = {
			isa = PBXSourcesBuildPhase;
			buildActionMask = 0;
			files = (
				OBJ_144 /* Package.swift in Sources */,
			);
			runOnlyForDeploymentPostprocessing = 0;
		};
		OBJ_149 /* Sources */ = {
			isa = PBXSourcesBuildPhase;
			buildActionMask = 0;
			files = (
				OBJ_150 /* GRCompatible.swift in Sources */,
			);
			runOnlyForDeploymentPostprocessing = 0;
		};
		OBJ_156 /* Sources */ = {
			isa = PBXSourcesBuildPhase;
			buildActionMask = 0;
			files = (
				OBJ_157 /* KeychainItemAccessibility.swift in Sources */,
				OBJ_158 /* KeychainValue.swift in Sources */,
				OBJ_159 /* KeychainWrapper.swift in Sources */,
				OBJ_160 /* UserDefaultsWrapper.swift in Sources */,
			);
			runOnlyForDeploymentPostprocessing = 0;
		};
		OBJ_170 /* Sources */ = {
			isa = PBXSourcesBuildPhase;
			buildActionMask = 0;
			files = (
				OBJ_172 /* GestureSubscriber.swift in Sources */,
				BAF111E626D7B1C200D16E9F /* UIBarButtonSubscriber.swift in Sources */,
				OBJ_173 /* Nwise.swift in Sources */,
				B1D953AD2673972700EE30CE /* GesturePublisher.swift in Sources */,
				BAF111E426D7B1AB00D16E9F /* UIBarButtonPublisher.swift in Sources */,
				OBJ_174 /* Publishers.swift in Sources */,
				OBJ_175 /* UIControlPublisher.swift in Sources */,
				OBJ_176 /* UIControlSubscriber.swift in Sources */,
			);
			runOnlyForDeploymentPostprocessing = 0;
		};
		OBJ_186 /* Sources */ = {
			isa = PBXSourcesBuildPhase;
			buildActionMask = 0;
			files = (
				B18F13412677479E00F7FF17 /* Date.swift in Sources */,
				OBJ_187 /* Array.swift in Sources */,
				OBJ_188 /* CGAffineTransform.swift in Sources */,
				OBJ_189 /* Data.swift in Sources */,
				OBJ_190 /* GoodSwift.swift in Sources */,
				OBJ_191 /* Instantiable.swift in Sources */,
				OBJ_192 /* MKMultiPoint.swift in Sources */,
				B18F13422677479E00F7FF17 /* UIRefreshControl.swift in Sources */,
				OBJ_193 /* NSAttributedString.swift in Sources */,
				OBJ_194 /* NSCollectionLayoutGroup.swift in Sources */,
				B18F13432677479E00F7FF17 /* UIScrollView.swift in Sources */,
				OBJ_195 /* NameDescribable.swift in Sources */,
				OBJ_196 /* SFSafariViewController.swift in Sources */,
				OBJ_197 /* String.swift in Sources */,
				OBJ_198 /* UIAlertController.swift in Sources */,
				OBJ_199 /* UIApplication.swift in Sources */,
				OBJ_200 /* UICollectionViewCell.swift in Sources */,
				OBJ_201 /* UIColor.swift in Sources */,
				OBJ_202 /* UIDatePicker.swift in Sources */,
				OBJ_203 /* UIDevice.swift in Sources */,
				OBJ_205 /* UILabel.swift in Sources */,
				OBJ_206 /* UINavigationController.swift in Sources */,
				OBJ_207 /* UIView.swift in Sources */,
				OBJ_208 /* URL.swift in Sources */,
				OBJ_209 /* ViewControllerExtension.swift in Sources */,
			);
			runOnlyForDeploymentPostprocessing = 0;
		};
		OBJ_217 /* Sources */ = {
			isa = PBXSourcesBuildPhase;
			buildActionMask = 0;
			files = (
				OBJ_218 /* Package.swift in Sources */,
			);
			runOnlyForDeploymentPostprocessing = 0;
		};
		OBJ_228 /* Sources */ = {
			isa = PBXSourcesBuildPhase;
			buildActionMask = 0;
			files = (
				OBJ_229 /* GoodExtensionsTests.swift in Sources */,
				OBJ_230 /* XCTestManifests.swift in Sources */,
			);
			runOnlyForDeploymentPostprocessing = 0;
		};
		OBJ_240 /* Sources */ = {
			isa = PBXSourcesBuildPhase;
			buildActionMask = 0;
			files = (
				OBJ_241 /* GoodReactor.swift in Sources */,
				OBJ_242 /* WeakMapTable.swift in Sources */,
			);
			runOnlyForDeploymentPostprocessing = 0;
		};
		OBJ_250 /* Sources */ = {
			isa = PBXSourcesBuildPhase;
			buildActionMask = 0;
			files = (
				OBJ_251 /* Either&Result.swift in Sources */,
				OBJ_252 /* Nothing.swift in Sources */,
				OBJ_253 /* Then.swift in Sources */,
			);
			runOnlyForDeploymentPostprocessing = 0;
		};
		OBJ_259 /* Sources */ = {
			isa = PBXSourcesBuildPhase;
			buildActionMask = 0;
			files = (
			);
			runOnlyForDeploymentPostprocessing = 0;
		};
/* End PBXSourcesBuildPhase section */

/* Begin PBXTargetDependency section */
		OBJ_164 /* PBXTargetDependency */ = {
			isa = PBXTargetDependency;
			target = "CombineExt::CombineExt" /* CombineExt */;
			targetProxy = B1D953592673937400EE30CE /* PBXContainerItemProxy */;
		};
		OBJ_165 /* PBXTargetDependency */ = {
			isa = PBXTargetDependency;
			target = "GoodExtensions::GRCompatible" /* GRCompatible */;
			targetProxy = B1D9535A2673937400EE30CE /* PBXContainerItemProxy */;
		};
		OBJ_180 /* PBXTargetDependency */ = {
			isa = PBXTargetDependency;
			target = "CombineExt::CombineExt" /* CombineExt */;
			targetProxy = B1D9535C2673937400EE30CE /* PBXContainerItemProxy */;
		};
		OBJ_181 /* PBXTargetDependency */ = {
			isa = PBXTargetDependency;
			target = "GoodExtensions::GRCompatible" /* GRCompatible */;
			targetProxy = B1D9535D2673937400EE30CE /* PBXContainerItemProxy */;
		};
		OBJ_212 /* PBXTargetDependency */ = {
			isa = PBXTargetDependency;
			target = "GoodExtensions::GRCompatible" /* GRCompatible */;
			targetProxy = B1D953572673937400EE30CE /* PBXContainerItemProxy */;
		};
		OBJ_223 /* PBXTargetDependency */ = {
			isa = PBXTargetDependency;
			target = "GoodExtensions::GoodExtensionsTests" /* GoodExtensionsTests */;
			targetProxy = B1D9536A2673937600EE30CE /* PBXContainerItemProxy */;
		};
		OBJ_234 /* PBXTargetDependency */ = {
			isa = PBXTargetDependency;
			target = "GoodExtensions::GoodExtensions" /* GoodExtensions */;
			targetProxy = B1D953612673937400EE30CE /* PBXContainerItemProxy */;
		};
		OBJ_235 /* PBXTargetDependency */ = {
			isa = PBXTargetDependency;
			target = "GoodExtensions::GRCompatible" /* GRCompatible */;
			targetProxy = B1D953622673937400EE30CE /* PBXContainerItemProxy */;
		};
		OBJ_245 /* PBXTargetDependency */ = {
			isa = PBXTargetDependency;
			target = "CombineExt::CombineExt" /* CombineExt */;
			targetProxy = B1D953552673937400EE30CE /* PBXContainerItemProxy */;
		};
		OBJ_271 /* PBXTargetDependency */ = {
			isa = PBXTargetDependency;
			target = "GoodExtensions::GoodReactor" /* GoodReactor */;
			targetProxy = B1D953542673937400EE30CE /* PBXContainerItemProxy */;
		};
		OBJ_272 /* PBXTargetDependency */ = {
			isa = PBXTargetDependency;
			target = "GoodExtensions::GoodExtensions" /* GoodExtensions */;
			targetProxy = B1D953562673937400EE30CE /* PBXContainerItemProxy */;
		};
		OBJ_273 /* PBXTargetDependency */ = {
			isa = PBXTargetDependency;
			target = "GoodExtensions::GoodCache" /* GoodCache */;
			targetProxy = B1D953582673937400EE30CE /* PBXContainerItemProxy */;
		};
		OBJ_274 /* PBXTargetDependency */ = {
			isa = PBXTargetDependency;
			target = "GoodExtensions::GoodCombineExtensions" /* GoodCombineExtensions */;
			targetProxy = B1D9535B2673937400EE30CE /* PBXContainerItemProxy */;
		};
		OBJ_275 /* PBXTargetDependency */ = {
			isa = PBXTargetDependency;
			target = "CombineExt::CombineExt" /* CombineExt */;
			targetProxy = B1D9535E2673937400EE30CE /* PBXContainerItemProxy */;
		};
		OBJ_276 /* PBXTargetDependency */ = {
			isa = PBXTargetDependency;
			target = "GoodExtensions::GRCompatible" /* GRCompatible */;
			targetProxy = B1D9535F2673937400EE30CE /* PBXContainerItemProxy */;
		};
		OBJ_277 /* PBXTargetDependency */ = {
			isa = PBXTargetDependency;
			target = "GoodExtensions::GoodStructs" /* GoodStructs */;
			targetProxy = B1D953602673937400EE30CE /* PBXContainerItemProxy */;
		};
/* End PBXTargetDependency section */

/* Begin XCBuildConfiguration section */
		OBJ_110 /* Debug */ = {
			isa = XCBuildConfiguration;
			buildSettings = {
				ENABLE_TESTABILITY = YES;
				FRAMEWORK_SEARCH_PATHS = (
					"$(inherited)",
					"$(PLATFORM_DIR)/Developer/Library/Frameworks",
				);
				HEADER_SEARCH_PATHS = "$(inherited)";
				INFOPLIST_FILE = GoodExtensions.xcodeproj/CombineExt_Info.plist;
				IPHONEOS_DEPLOYMENT_TARGET = 10.0;
				LD_RUNPATH_SEARCH_PATHS = "$(inherited) $(TOOLCHAIN_DIR)/usr/lib/swift/macosx";
				MACOSX_DEPLOYMENT_TARGET = 10.12;
				OTHER_CFLAGS = "$(inherited)";
				OTHER_LDFLAGS = "$(inherited)";
				OTHER_SWIFT_FLAGS = "$(inherited)";
				PRODUCT_BUNDLE_IDENTIFIER = CombineExt;
				PRODUCT_MODULE_NAME = "$(TARGET_NAME:c99extidentifier)";
				PRODUCT_NAME = "$(TARGET_NAME:c99extidentifier)";
				SKIP_INSTALL = YES;
				SWIFT_ACTIVE_COMPILATION_CONDITIONS = "$(inherited)";
				SWIFT_VERSION = 5.0;
				TARGET_NAME = CombineExt;
				TVOS_DEPLOYMENT_TARGET = 10.0;
				WATCHOS_DEPLOYMENT_TARGET = 3.0;
			};
			name = Debug;
		};
		OBJ_111 /* Release */ = {
			isa = XCBuildConfiguration;
			buildSettings = {
				ENABLE_TESTABILITY = YES;
				FRAMEWORK_SEARCH_PATHS = (
					"$(inherited)",
					"$(PLATFORM_DIR)/Developer/Library/Frameworks",
				);
				HEADER_SEARCH_PATHS = "$(inherited)";
				INFOPLIST_FILE = GoodExtensions.xcodeproj/CombineExt_Info.plist;
				IPHONEOS_DEPLOYMENT_TARGET = 10.0;
				LD_RUNPATH_SEARCH_PATHS = "$(inherited) $(TOOLCHAIN_DIR)/usr/lib/swift/macosx";
				MACOSX_DEPLOYMENT_TARGET = 10.12;
				OTHER_CFLAGS = "$(inherited)";
				OTHER_LDFLAGS = "$(inherited)";
				OTHER_SWIFT_FLAGS = "$(inherited)";
				PRODUCT_BUNDLE_IDENTIFIER = CombineExt;
				PRODUCT_MODULE_NAME = "$(TARGET_NAME:c99extidentifier)";
				PRODUCT_NAME = "$(TARGET_NAME:c99extidentifier)";
				SKIP_INSTALL = YES;
				SWIFT_ACTIVE_COMPILATION_CONDITIONS = "$(inherited)";
				SWIFT_VERSION = 5.0;
				TARGET_NAME = CombineExt;
				TVOS_DEPLOYMENT_TARGET = 10.0;
				WATCHOS_DEPLOYMENT_TARGET = 3.0;
			};
			name = Release;
		};
		OBJ_141 /* Debug */ = {
			isa = XCBuildConfiguration;
			buildSettings = {
				LD = /usr/bin/true;
				OTHER_SWIFT_FLAGS = "-swift-version 5 -I $(TOOLCHAIN_DIR)/usr/lib/swift/pm/4_2 -sdk /Applications/Xcode 12.1 RC.app/Contents/Developer/Platforms/MacOSX.platform/Developer/SDKs/MacOSX10.15.sdk -package-description-version 5.1.0";
				SWIFT_VERSION = 5.0;
			};
			name = Debug;
		};
		OBJ_142 /* Release */ = {
			isa = XCBuildConfiguration;
			buildSettings = {
				LD = /usr/bin/true;
				OTHER_SWIFT_FLAGS = "-swift-version 5 -I $(TOOLCHAIN_DIR)/usr/lib/swift/pm/4_2 -sdk /Applications/Xcode 12.1 RC.app/Contents/Developer/Platforms/MacOSX.platform/Developer/SDKs/MacOSX10.15.sdk -package-description-version 5.1.0";
				SWIFT_VERSION = 5.0;
			};
			name = Release;
		};
		OBJ_147 /* Debug */ = {
			isa = XCBuildConfiguration;
			buildSettings = {
				ENABLE_TESTABILITY = YES;
				FRAMEWORK_SEARCH_PATHS = (
					"$(inherited)",
					"$(PLATFORM_DIR)/Developer/Library/Frameworks",
				);
				HEADER_SEARCH_PATHS = "$(inherited)";
				INFOPLIST_FILE = GoodExtensions.xcodeproj/GRCompatible_Info.plist;
				IPHONEOS_DEPLOYMENT_TARGET = 11.0;
				LD_RUNPATH_SEARCH_PATHS = "$(inherited) $(TOOLCHAIN_DIR)/usr/lib/swift/macosx";
				MACOSX_DEPLOYMENT_TARGET = 10.15;
				OTHER_CFLAGS = "$(inherited)";
				OTHER_LDFLAGS = "$(inherited)";
				OTHER_SWIFT_FLAGS = "$(inherited)";
				PRODUCT_BUNDLE_IDENTIFIER = GRCompatible;
				PRODUCT_MODULE_NAME = "$(TARGET_NAME:c99extidentifier)";
				PRODUCT_NAME = "$(TARGET_NAME:c99extidentifier)";
				SKIP_INSTALL = YES;
				SWIFT_ACTIVE_COMPILATION_CONDITIONS = "$(inherited)";
				SWIFT_VERSION = 5.0;
				TARGET_NAME = GRCompatible;
				TVOS_DEPLOYMENT_TARGET = 9.0;
				WATCHOS_DEPLOYMENT_TARGET = 2.0;
			};
			name = Debug;
		};
		OBJ_148 /* Release */ = {
			isa = XCBuildConfiguration;
			buildSettings = {
				ENABLE_TESTABILITY = YES;
				FRAMEWORK_SEARCH_PATHS = (
					"$(inherited)",
					"$(PLATFORM_DIR)/Developer/Library/Frameworks",
				);
				HEADER_SEARCH_PATHS = "$(inherited)";
				INFOPLIST_FILE = GoodExtensions.xcodeproj/GRCompatible_Info.plist;
				IPHONEOS_DEPLOYMENT_TARGET = 11.0;
				LD_RUNPATH_SEARCH_PATHS = "$(inherited) $(TOOLCHAIN_DIR)/usr/lib/swift/macosx";
				MACOSX_DEPLOYMENT_TARGET = 10.15;
				OTHER_CFLAGS = "$(inherited)";
				OTHER_LDFLAGS = "$(inherited)";
				OTHER_SWIFT_FLAGS = "$(inherited)";
				PRODUCT_BUNDLE_IDENTIFIER = GRCompatible;
				PRODUCT_MODULE_NAME = "$(TARGET_NAME:c99extidentifier)";
				PRODUCT_NAME = "$(TARGET_NAME:c99extidentifier)";
				SKIP_INSTALL = YES;
				SWIFT_ACTIVE_COMPILATION_CONDITIONS = "$(inherited)";
				SWIFT_VERSION = 5.0;
				TARGET_NAME = GRCompatible;
				TVOS_DEPLOYMENT_TARGET = 9.0;
				WATCHOS_DEPLOYMENT_TARGET = 2.0;
			};
			name = Release;
		};
		OBJ_154 /* Debug */ = {
			isa = XCBuildConfiguration;
			buildSettings = {
				ENABLE_TESTABILITY = YES;
				FRAMEWORK_SEARCH_PATHS = (
					"$(inherited)",
					"$(PLATFORM_DIR)/Developer/Library/Frameworks",
				);
				HEADER_SEARCH_PATHS = "$(inherited)";
				INFOPLIST_FILE = GoodExtensions.xcodeproj/GoodCache_Info.plist;
				IPHONEOS_DEPLOYMENT_TARGET = 11.0;
				LD_RUNPATH_SEARCH_PATHS = "$(inherited) $(TOOLCHAIN_DIR)/usr/lib/swift/macosx";
				MACOSX_DEPLOYMENT_TARGET = 10.15;
				OTHER_CFLAGS = "$(inherited)";
				OTHER_LDFLAGS = "$(inherited)";
				OTHER_SWIFT_FLAGS = "$(inherited)";
				PRODUCT_BUNDLE_IDENTIFIER = GoodCache;
				PRODUCT_MODULE_NAME = "$(TARGET_NAME:c99extidentifier)";
				PRODUCT_NAME = "$(TARGET_NAME:c99extidentifier)";
				SKIP_INSTALL = YES;
				SWIFT_ACTIVE_COMPILATION_CONDITIONS = "$(inherited)";
				SWIFT_VERSION = 5.0;
				TARGET_NAME = GoodCache;
				TVOS_DEPLOYMENT_TARGET = 9.0;
				WATCHOS_DEPLOYMENT_TARGET = 2.0;
			};
			name = Debug;
		};
		OBJ_155 /* Release */ = {
			isa = XCBuildConfiguration;
			buildSettings = {
				ENABLE_TESTABILITY = YES;
				FRAMEWORK_SEARCH_PATHS = (
					"$(inherited)",
					"$(PLATFORM_DIR)/Developer/Library/Frameworks",
				);
				HEADER_SEARCH_PATHS = "$(inherited)";
				INFOPLIST_FILE = GoodExtensions.xcodeproj/GoodCache_Info.plist;
				IPHONEOS_DEPLOYMENT_TARGET = 11.0;
				LD_RUNPATH_SEARCH_PATHS = "$(inherited) $(TOOLCHAIN_DIR)/usr/lib/swift/macosx";
				MACOSX_DEPLOYMENT_TARGET = 10.15;
				OTHER_CFLAGS = "$(inherited)";
				OTHER_LDFLAGS = "$(inherited)";
				OTHER_SWIFT_FLAGS = "$(inherited)";
				PRODUCT_BUNDLE_IDENTIFIER = GoodCache;
				PRODUCT_MODULE_NAME = "$(TARGET_NAME:c99extidentifier)";
				PRODUCT_NAME = "$(TARGET_NAME:c99extidentifier)";
				SKIP_INSTALL = YES;
				SWIFT_ACTIVE_COMPILATION_CONDITIONS = "$(inherited)";
				SWIFT_VERSION = 5.0;
				TARGET_NAME = GoodCache;
				TVOS_DEPLOYMENT_TARGET = 9.0;
				WATCHOS_DEPLOYMENT_TARGET = 2.0;
			};
			name = Release;
		};
		OBJ_168 /* Debug */ = {
			isa = XCBuildConfiguration;
			buildSettings = {
				ENABLE_TESTABILITY = YES;
				FRAMEWORK_SEARCH_PATHS = (
					"$(inherited)",
					"$(PLATFORM_DIR)/Developer/Library/Frameworks",
				);
				HEADER_SEARCH_PATHS = "$(inherited)";
				INFOPLIST_FILE = GoodExtensions.xcodeproj/GoodCombineExtensions_Info.plist;
				IPHONEOS_DEPLOYMENT_TARGET = 11.0;
				LD_RUNPATH_SEARCH_PATHS = "$(inherited) $(TOOLCHAIN_DIR)/usr/lib/swift/macosx";
				MACOSX_DEPLOYMENT_TARGET = 10.15;
				OTHER_CFLAGS = "$(inherited)";
				OTHER_LDFLAGS = "$(inherited)";
				OTHER_SWIFT_FLAGS = "$(inherited)";
				PRODUCT_BUNDLE_IDENTIFIER = GoodCombineExtensions;
				PRODUCT_MODULE_NAME = "$(TARGET_NAME:c99extidentifier)";
				PRODUCT_NAME = "$(TARGET_NAME:c99extidentifier)";
				SKIP_INSTALL = YES;
				SWIFT_ACTIVE_COMPILATION_CONDITIONS = "$(inherited)";
				SWIFT_VERSION = 5.0;
				TARGET_NAME = GoodCombineExtensions;
				TVOS_DEPLOYMENT_TARGET = 9.0;
				WATCHOS_DEPLOYMENT_TARGET = 2.0;
			};
			name = Debug;
		};
		OBJ_169 /* Release */ = {
			isa = XCBuildConfiguration;
			buildSettings = {
				ENABLE_TESTABILITY = YES;
				FRAMEWORK_SEARCH_PATHS = (
					"$(inherited)",
					"$(PLATFORM_DIR)/Developer/Library/Frameworks",
				);
				HEADER_SEARCH_PATHS = "$(inherited)";
				INFOPLIST_FILE = GoodExtensions.xcodeproj/GoodCombineExtensions_Info.plist;
				IPHONEOS_DEPLOYMENT_TARGET = 11.0;
				LD_RUNPATH_SEARCH_PATHS = "$(inherited) $(TOOLCHAIN_DIR)/usr/lib/swift/macosx";
				MACOSX_DEPLOYMENT_TARGET = 10.15;
				OTHER_CFLAGS = "$(inherited)";
				OTHER_LDFLAGS = "$(inherited)";
				OTHER_SWIFT_FLAGS = "$(inherited)";
				PRODUCT_BUNDLE_IDENTIFIER = GoodCombineExtensions;
				PRODUCT_MODULE_NAME = "$(TARGET_NAME:c99extidentifier)";
				PRODUCT_NAME = "$(TARGET_NAME:c99extidentifier)";
				SKIP_INSTALL = YES;
				SWIFT_ACTIVE_COMPILATION_CONDITIONS = "$(inherited)";
				SWIFT_VERSION = 5.0;
				TARGET_NAME = GoodCombineExtensions;
				TVOS_DEPLOYMENT_TARGET = 9.0;
				WATCHOS_DEPLOYMENT_TARGET = 2.0;
			};
			name = Release;
		};
		OBJ_184 /* Debug */ = {
			isa = XCBuildConfiguration;
			buildSettings = {
				ENABLE_TESTABILITY = YES;
				FRAMEWORK_SEARCH_PATHS = (
					"$(inherited)",
					"$(PLATFORM_DIR)/Developer/Library/Frameworks",
				);
				HEADER_SEARCH_PATHS = "$(inherited)";
				INFOPLIST_FILE = GoodExtensions.xcodeproj/GoodExtensions_Info.plist;
				IPHONEOS_DEPLOYMENT_TARGET = 11.0;
				LD_RUNPATH_SEARCH_PATHS = "$(inherited) $(TOOLCHAIN_DIR)/usr/lib/swift/macosx";
				MACOSX_DEPLOYMENT_TARGET = 10.15;
				OTHER_CFLAGS = "$(inherited)";
				OTHER_LDFLAGS = "$(inherited)";
				OTHER_SWIFT_FLAGS = "$(inherited)";
				PRODUCT_BUNDLE_IDENTIFIER = GoodExtensions;
				PRODUCT_MODULE_NAME = "$(TARGET_NAME:c99extidentifier)";
				PRODUCT_NAME = "$(TARGET_NAME:c99extidentifier)";
				SKIP_INSTALL = YES;
				SWIFT_ACTIVE_COMPILATION_CONDITIONS = "$(inherited)";
				SWIFT_VERSION = 5.0;
				TARGET_NAME = GoodExtensions;
				TVOS_DEPLOYMENT_TARGET = 9.0;
				WATCHOS_DEPLOYMENT_TARGET = 2.0;
			};
			name = Debug;
		};
		OBJ_185 /* Release */ = {
			isa = XCBuildConfiguration;
			buildSettings = {
				ENABLE_TESTABILITY = YES;
				FRAMEWORK_SEARCH_PATHS = (
					"$(inherited)",
					"$(PLATFORM_DIR)/Developer/Library/Frameworks",
				);
				HEADER_SEARCH_PATHS = "$(inherited)";
				INFOPLIST_FILE = GoodExtensions.xcodeproj/GoodExtensions_Info.plist;
				IPHONEOS_DEPLOYMENT_TARGET = 11.0;
				LD_RUNPATH_SEARCH_PATHS = "$(inherited) $(TOOLCHAIN_DIR)/usr/lib/swift/macosx";
				MACOSX_DEPLOYMENT_TARGET = 10.15;
				OTHER_CFLAGS = "$(inherited)";
				OTHER_LDFLAGS = "$(inherited)";
				OTHER_SWIFT_FLAGS = "$(inherited)";
				PRODUCT_BUNDLE_IDENTIFIER = GoodExtensions;
				PRODUCT_MODULE_NAME = "$(TARGET_NAME:c99extidentifier)";
				PRODUCT_NAME = "$(TARGET_NAME:c99extidentifier)";
				SKIP_INSTALL = YES;
				SWIFT_ACTIVE_COMPILATION_CONDITIONS = "$(inherited)";
				SWIFT_VERSION = 5.0;
				TARGET_NAME = GoodExtensions;
				TVOS_DEPLOYMENT_TARGET = 9.0;
				WATCHOS_DEPLOYMENT_TARGET = 2.0;
			};
			name = Release;
		};
		OBJ_215 /* Debug */ = {
			isa = XCBuildConfiguration;
			buildSettings = {
				LD = /usr/bin/true;
				OTHER_SWIFT_FLAGS = "-swift-version 5 -I $(TOOLCHAIN_DIR)/usr/lib/swift/pm/4_2 -sdk /Applications/Xcode 12.1 RC.app/Contents/Developer/Platforms/MacOSX.platform/Developer/SDKs/MacOSX10.15.sdk -package-description-version 5.1.0";
				SWIFT_VERSION = 5.0;
			};
			name = Debug;
		};
		OBJ_216 /* Release */ = {
			isa = XCBuildConfiguration;
			buildSettings = {
				LD = /usr/bin/true;
				OTHER_SWIFT_FLAGS = "-swift-version 5 -I $(TOOLCHAIN_DIR)/usr/lib/swift/pm/4_2 -sdk /Applications/Xcode 12.1 RC.app/Contents/Developer/Platforms/MacOSX.platform/Developer/SDKs/MacOSX10.15.sdk -package-description-version 5.1.0";
				SWIFT_VERSION = 5.0;
			};
			name = Release;
		};
		OBJ_221 /* Debug */ = {
			isa = XCBuildConfiguration;
			buildSettings = {
			};
			name = Debug;
		};
		OBJ_222 /* Release */ = {
			isa = XCBuildConfiguration;
			buildSettings = {
			};
			name = Release;
		};
		OBJ_226 /* Debug */ = {
			isa = XCBuildConfiguration;
			buildSettings = {
				CLANG_ENABLE_MODULES = YES;
				EMBEDDED_CONTENT_CONTAINS_SWIFT = YES;
				FRAMEWORK_SEARCH_PATHS = (
					"$(inherited)",
					"$(PLATFORM_DIR)/Developer/Library/Frameworks",
				);
				HEADER_SEARCH_PATHS = "$(inherited)";
				INFOPLIST_FILE = GoodExtensions.xcodeproj/GoodExtensionsTests_Info.plist;
				IPHONEOS_DEPLOYMENT_TARGET = 14.0;
				LD_RUNPATH_SEARCH_PATHS = "$(inherited) @loader_path/../Frameworks @loader_path/Frameworks";
				MACOSX_DEPLOYMENT_TARGET = 10.15;
				OTHER_CFLAGS = "$(inherited)";
				OTHER_LDFLAGS = "$(inherited)";
				OTHER_SWIFT_FLAGS = "$(inherited)";
				SWIFT_ACTIVE_COMPILATION_CONDITIONS = "$(inherited)";
				SWIFT_VERSION = 5.0;
				TARGET_NAME = GoodExtensionsTests;
				TVOS_DEPLOYMENT_TARGET = 9.0;
				WATCHOS_DEPLOYMENT_TARGET = 2.0;
			};
			name = Debug;
		};
		OBJ_227 /* Release */ = {
			isa = XCBuildConfiguration;
			buildSettings = {
				CLANG_ENABLE_MODULES = YES;
				EMBEDDED_CONTENT_CONTAINS_SWIFT = YES;
				FRAMEWORK_SEARCH_PATHS = (
					"$(inherited)",
					"$(PLATFORM_DIR)/Developer/Library/Frameworks",
				);
				HEADER_SEARCH_PATHS = "$(inherited)";
				INFOPLIST_FILE = GoodExtensions.xcodeproj/GoodExtensionsTests_Info.plist;
				IPHONEOS_DEPLOYMENT_TARGET = 14.0;
				LD_RUNPATH_SEARCH_PATHS = "$(inherited) @loader_path/../Frameworks @loader_path/Frameworks";
				MACOSX_DEPLOYMENT_TARGET = 10.15;
				OTHER_CFLAGS = "$(inherited)";
				OTHER_LDFLAGS = "$(inherited)";
				OTHER_SWIFT_FLAGS = "$(inherited)";
				SWIFT_ACTIVE_COMPILATION_CONDITIONS = "$(inherited)";
				SWIFT_VERSION = 5.0;
				TARGET_NAME = GoodExtensionsTests;
				TVOS_DEPLOYMENT_TARGET = 9.0;
				WATCHOS_DEPLOYMENT_TARGET = 2.0;
			};
			name = Release;
		};
		OBJ_238 /* Debug */ = {
			isa = XCBuildConfiguration;
			buildSettings = {
				ENABLE_TESTABILITY = YES;
				FRAMEWORK_SEARCH_PATHS = (
					"$(inherited)",
					"$(PLATFORM_DIR)/Developer/Library/Frameworks",
				);
				HEADER_SEARCH_PATHS = "$(inherited)";
				INFOPLIST_FILE = GoodExtensions.xcodeproj/GoodReactor_Info.plist;
				IPHONEOS_DEPLOYMENT_TARGET = 11.0;
				LD_RUNPATH_SEARCH_PATHS = "$(inherited) $(TOOLCHAIN_DIR)/usr/lib/swift/macosx";
				MACOSX_DEPLOYMENT_TARGET = 10.15;
				OTHER_CFLAGS = "$(inherited)";
				OTHER_LDFLAGS = "$(inherited)";
				OTHER_SWIFT_FLAGS = "$(inherited)";
				PRODUCT_BUNDLE_IDENTIFIER = GoodReactor;
				PRODUCT_MODULE_NAME = "$(TARGET_NAME:c99extidentifier)";
				PRODUCT_NAME = "$(TARGET_NAME:c99extidentifier)";
				SKIP_INSTALL = YES;
				SWIFT_ACTIVE_COMPILATION_CONDITIONS = "$(inherited)";
				SWIFT_VERSION = 5.0;
				TARGET_NAME = GoodReactor;
				TVOS_DEPLOYMENT_TARGET = 9.0;
				WATCHOS_DEPLOYMENT_TARGET = 2.0;
			};
			name = Debug;
		};
		OBJ_239 /* Release */ = {
			isa = XCBuildConfiguration;
			buildSettings = {
				ENABLE_TESTABILITY = YES;
				FRAMEWORK_SEARCH_PATHS = (
					"$(inherited)",
					"$(PLATFORM_DIR)/Developer/Library/Frameworks",
				);
				HEADER_SEARCH_PATHS = "$(inherited)";
				INFOPLIST_FILE = GoodExtensions.xcodeproj/GoodReactor_Info.plist;
				IPHONEOS_DEPLOYMENT_TARGET = 11.0;
				LD_RUNPATH_SEARCH_PATHS = "$(inherited) $(TOOLCHAIN_DIR)/usr/lib/swift/macosx";
				MACOSX_DEPLOYMENT_TARGET = 10.15;
				OTHER_CFLAGS = "$(inherited)";
				OTHER_LDFLAGS = "$(inherited)";
				OTHER_SWIFT_FLAGS = "$(inherited)";
				PRODUCT_BUNDLE_IDENTIFIER = GoodReactor;
				PRODUCT_MODULE_NAME = "$(TARGET_NAME:c99extidentifier)";
				PRODUCT_NAME = "$(TARGET_NAME:c99extidentifier)";
				SKIP_INSTALL = YES;
				SWIFT_ACTIVE_COMPILATION_CONDITIONS = "$(inherited)";
				SWIFT_VERSION = 5.0;
				TARGET_NAME = GoodReactor;
				TVOS_DEPLOYMENT_TARGET = 9.0;
				WATCHOS_DEPLOYMENT_TARGET = 2.0;
			};
			name = Release;
		};
		OBJ_248 /* Debug */ = {
			isa = XCBuildConfiguration;
			buildSettings = {
				ENABLE_TESTABILITY = YES;
				FRAMEWORK_SEARCH_PATHS = (
					"$(inherited)",
					"$(PLATFORM_DIR)/Developer/Library/Frameworks",
				);
				HEADER_SEARCH_PATHS = "$(inherited)";
				INFOPLIST_FILE = GoodExtensions.xcodeproj/GoodStructs_Info.plist;
				IPHONEOS_DEPLOYMENT_TARGET = 11.0;
				LD_RUNPATH_SEARCH_PATHS = "$(inherited) $(TOOLCHAIN_DIR)/usr/lib/swift/macosx";
				MACOSX_DEPLOYMENT_TARGET = 10.15;
				OTHER_CFLAGS = "$(inherited)";
				OTHER_LDFLAGS = "$(inherited)";
				OTHER_SWIFT_FLAGS = "$(inherited)";
				PRODUCT_BUNDLE_IDENTIFIER = GoodStructs;
				PRODUCT_MODULE_NAME = "$(TARGET_NAME:c99extidentifier)";
				PRODUCT_NAME = "$(TARGET_NAME:c99extidentifier)";
				SKIP_INSTALL = YES;
				SWIFT_ACTIVE_COMPILATION_CONDITIONS = "$(inherited)";
				SWIFT_VERSION = 5.0;
				TARGET_NAME = GoodStructs;
				TVOS_DEPLOYMENT_TARGET = 9.0;
				WATCHOS_DEPLOYMENT_TARGET = 2.0;
			};
			name = Debug;
		};
		OBJ_249 /* Release */ = {
			isa = XCBuildConfiguration;
			buildSettings = {
				ENABLE_TESTABILITY = YES;
				FRAMEWORK_SEARCH_PATHS = (
					"$(inherited)",
					"$(PLATFORM_DIR)/Developer/Library/Frameworks",
				);
				HEADER_SEARCH_PATHS = "$(inherited)";
				INFOPLIST_FILE = GoodExtensions.xcodeproj/GoodStructs_Info.plist;
				IPHONEOS_DEPLOYMENT_TARGET = 11.0;
				LD_RUNPATH_SEARCH_PATHS = "$(inherited) $(TOOLCHAIN_DIR)/usr/lib/swift/macosx";
				MACOSX_DEPLOYMENT_TARGET = 10.15;
				OTHER_CFLAGS = "$(inherited)";
				OTHER_LDFLAGS = "$(inherited)";
				OTHER_SWIFT_FLAGS = "$(inherited)";
				PRODUCT_BUNDLE_IDENTIFIER = GoodStructs;
				PRODUCT_MODULE_NAME = "$(TARGET_NAME:c99extidentifier)";
				PRODUCT_NAME = "$(TARGET_NAME:c99extidentifier)";
				SKIP_INSTALL = YES;
				SWIFT_ACTIVE_COMPILATION_CONDITIONS = "$(inherited)";
				SWIFT_VERSION = 5.0;
				TARGET_NAME = GoodStructs;
				TVOS_DEPLOYMENT_TARGET = 9.0;
				WATCHOS_DEPLOYMENT_TARGET = 2.0;
			};
			name = Release;
		};
		OBJ_257 /* Debug */ = {
			isa = XCBuildConfiguration;
			buildSettings = {
				ENABLE_TESTABILITY = YES;
				FRAMEWORK_SEARCH_PATHS = (
					"$(inherited)",
					"$(PLATFORM_DIR)/Developer/Library/Frameworks",
				);
				HEADER_SEARCH_PATHS = "$(inherited)";
				INFOPLIST_FILE = GoodExtensions.xcodeproj/Sample_Info.plist;
				IPHONEOS_DEPLOYMENT_TARGET = 13.0;
				LD_RUNPATH_SEARCH_PATHS = "$(inherited) $(TOOLCHAIN_DIR)/usr/lib/swift/macosx";
				MACOSX_DEPLOYMENT_TARGET = 10.15;
				OTHER_CFLAGS = "$(inherited)";
				OTHER_LDFLAGS = "$(inherited)";
				OTHER_SWIFT_FLAGS = "$(inherited)";
				PRODUCT_BUNDLE_IDENTIFIER = Sample;
				PRODUCT_MODULE_NAME = "$(TARGET_NAME:c99extidentifier)";
				PRODUCT_NAME = "$(TARGET_NAME:c99extidentifier)";
				SKIP_INSTALL = YES;
				SWIFT_ACTIVE_COMPILATION_CONDITIONS = "$(inherited)";
				SWIFT_VERSION = 5.0;
				TARGET_NAME = Sample;
				TVOS_DEPLOYMENT_TARGET = 9.0;
				WATCHOS_DEPLOYMENT_TARGET = 2.0;
			};
			name = Debug;
		};
		OBJ_258 /* Release */ = {
			isa = XCBuildConfiguration;
			buildSettings = {
				ENABLE_TESTABILITY = YES;
				FRAMEWORK_SEARCH_PATHS = (
					"$(inherited)",
					"$(PLATFORM_DIR)/Developer/Library/Frameworks",
				);
				HEADER_SEARCH_PATHS = "$(inherited)";
				INFOPLIST_FILE = GoodExtensions.xcodeproj/Sample_Info.plist;
				IPHONEOS_DEPLOYMENT_TARGET = 13.0;
				LD_RUNPATH_SEARCH_PATHS = "$(inherited) $(TOOLCHAIN_DIR)/usr/lib/swift/macosx";
				MACOSX_DEPLOYMENT_TARGET = 10.15;
				OTHER_CFLAGS = "$(inherited)";
				OTHER_LDFLAGS = "$(inherited)";
				OTHER_SWIFT_FLAGS = "$(inherited)";
				PRODUCT_BUNDLE_IDENTIFIER = Sample;
				PRODUCT_MODULE_NAME = "$(TARGET_NAME:c99extidentifier)";
				PRODUCT_NAME = "$(TARGET_NAME:c99extidentifier)";
				SKIP_INSTALL = YES;
				SWIFT_ACTIVE_COMPILATION_CONDITIONS = "$(inherited)";
				SWIFT_VERSION = 5.0;
				TARGET_NAME = Sample;
				TVOS_DEPLOYMENT_TARGET = 9.0;
				WATCHOS_DEPLOYMENT_TARGET = 2.0;
			};
			name = Release;
		};
		OBJ_3 /* Debug */ = {
			isa = XCBuildConfiguration;
			buildSettings = {
				CLANG_ENABLE_OBJC_ARC = YES;
				COMBINE_HIDPI_IMAGES = YES;
				COPY_PHASE_STRIP = NO;
				DEBUG_INFORMATION_FORMAT = dwarf;
				DYLIB_INSTALL_NAME_BASE = "@rpath";
				ENABLE_NS_ASSERTIONS = YES;
				GCC_OPTIMIZATION_LEVEL = 0;
				GCC_PREPROCESSOR_DEFINITIONS = (
					"$(inherited)",
					"SWIFT_PACKAGE=1",
					"DEBUG=1",
				);
				MACOSX_DEPLOYMENT_TARGET = 10.10;
				ONLY_ACTIVE_ARCH = YES;
				OTHER_SWIFT_FLAGS = "$(inherited) -DXcode";
				PRODUCT_NAME = "$(TARGET_NAME)";
				SDKROOT = macosx;
				SUPPORTED_PLATFORMS = "macosx iphoneos iphonesimulator appletvos appletvsimulator watchos watchsimulator";
				SWIFT_ACTIVE_COMPILATION_CONDITIONS = "$(inherited) SWIFT_PACKAGE DEBUG";
				SWIFT_OPTIMIZATION_LEVEL = "-Onone";
				USE_HEADERMAP = NO;
			};
			name = Debug;
		};
		OBJ_4 /* Release */ = {
			isa = XCBuildConfiguration;
			buildSettings = {
				CLANG_ENABLE_OBJC_ARC = YES;
				COMBINE_HIDPI_IMAGES = YES;
				COPY_PHASE_STRIP = YES;
				DEBUG_INFORMATION_FORMAT = "dwarf-with-dsym";
				DYLIB_INSTALL_NAME_BASE = "@rpath";
				GCC_OPTIMIZATION_LEVEL = s;
				GCC_PREPROCESSOR_DEFINITIONS = (
					"$(inherited)",
					"SWIFT_PACKAGE=1",
				);
				MACOSX_DEPLOYMENT_TARGET = 10.10;
				OTHER_SWIFT_FLAGS = "$(inherited) -DXcode";
				PRODUCT_NAME = "$(TARGET_NAME)";
				SDKROOT = macosx;
				SUPPORTED_PLATFORMS = "macosx iphoneos iphonesimulator appletvos appletvsimulator watchos watchsimulator";
				SWIFT_ACTIVE_COMPILATION_CONDITIONS = "$(inherited) SWIFT_PACKAGE";
				SWIFT_OPTIMIZATION_LEVEL = "-Owholemodule";
				USE_HEADERMAP = NO;
			};
			name = Release;
		};
/* End XCBuildConfiguration section */

/* Begin XCConfigurationList section */
		OBJ_109 /* Build configuration list for PBXNativeTarget "CombineExt" */ = {
			isa = XCConfigurationList;
			buildConfigurations = (
				OBJ_110 /* Debug */,
				OBJ_111 /* Release */,
			);
			defaultConfigurationIsVisible = 0;
			defaultConfigurationName = Release;
		};
		OBJ_140 /* Build configuration list for PBXNativeTarget "CombineExtPackageDescription" */ = {
			isa = XCConfigurationList;
			buildConfigurations = (
				OBJ_141 /* Debug */,
				OBJ_142 /* Release */,
			);
			defaultConfigurationIsVisible = 0;
			defaultConfigurationName = Release;
		};
		OBJ_146 /* Build configuration list for PBXNativeTarget "GRCompatible" */ = {
			isa = XCConfigurationList;
			buildConfigurations = (
				OBJ_147 /* Debug */,
				OBJ_148 /* Release */,
			);
			defaultConfigurationIsVisible = 0;
			defaultConfigurationName = Release;
		};
		OBJ_153 /* Build configuration list for PBXNativeTarget "GoodCache" */ = {
			isa = XCConfigurationList;
			buildConfigurations = (
				OBJ_154 /* Debug */,
				OBJ_155 /* Release */,
			);
			defaultConfigurationIsVisible = 0;
			defaultConfigurationName = Release;
		};
		OBJ_167 /* Build configuration list for PBXNativeTarget "GoodCombineExtensions" */ = {
			isa = XCConfigurationList;
			buildConfigurations = (
				OBJ_168 /* Debug */,
				OBJ_169 /* Release */,
			);
			defaultConfigurationIsVisible = 0;
			defaultConfigurationName = Release;
		};
		OBJ_183 /* Build configuration list for PBXNativeTarget "GoodExtensions" */ = {
			isa = XCConfigurationList;
			buildConfigurations = (
				OBJ_184 /* Debug */,
				OBJ_185 /* Release */,
			);
			defaultConfigurationIsVisible = 0;
			defaultConfigurationName = Release;
		};
		OBJ_2 /* Build configuration list for PBXProject "GoodExtensions" */ = {
			isa = XCConfigurationList;
			buildConfigurations = (
				OBJ_3 /* Debug */,
				OBJ_4 /* Release */,
			);
			defaultConfigurationIsVisible = 0;
			defaultConfigurationName = Release;
		};
		OBJ_214 /* Build configuration list for PBXNativeTarget "GoodExtensionsPackageDescription" */ = {
			isa = XCConfigurationList;
			buildConfigurations = (
				OBJ_215 /* Debug */,
				OBJ_216 /* Release */,
			);
			defaultConfigurationIsVisible = 0;
			defaultConfigurationName = Release;
		};
		OBJ_220 /* Build configuration list for PBXAggregateTarget "GoodExtensionsPackageTests" */ = {
			isa = XCConfigurationList;
			buildConfigurations = (
				OBJ_221 /* Debug */,
				OBJ_222 /* Release */,
			);
			defaultConfigurationIsVisible = 0;
			defaultConfigurationName = Release;
		};
		OBJ_225 /* Build configuration list for PBXNativeTarget "GoodExtensionsTests" */ = {
			isa = XCConfigurationList;
			buildConfigurations = (
				OBJ_226 /* Debug */,
				OBJ_227 /* Release */,
			);
			defaultConfigurationIsVisible = 0;
			defaultConfigurationName = Release;
		};
		OBJ_237 /* Build configuration list for PBXNativeTarget "GoodReactor" */ = {
			isa = XCConfigurationList;
			buildConfigurations = (
				OBJ_238 /* Debug */,
				OBJ_239 /* Release */,
			);
			defaultConfigurationIsVisible = 0;
			defaultConfigurationName = Release;
		};
		OBJ_247 /* Build configuration list for PBXNativeTarget "GoodStructs" */ = {
			isa = XCConfigurationList;
			buildConfigurations = (
				OBJ_248 /* Debug */,
				OBJ_249 /* Release */,
			);
			defaultConfigurationIsVisible = 0;
			defaultConfigurationName = Release;
		};
		OBJ_256 /* Build configuration list for PBXNativeTarget "Sample" */ = {
			isa = XCConfigurationList;
			buildConfigurations = (
				OBJ_257 /* Debug */,
				OBJ_258 /* Release */,
			);
			defaultConfigurationIsVisible = 0;
			defaultConfigurationName = Release;
		};
/* End XCConfigurationList section */
	};
	rootObject = OBJ_1 /* Project object */;
}
